// !$*UTF8*$!
{
	archiveVersion = 1;
	classes = {
	};
	objectVersion = 45;
	objects = {

/* Begin PBXBuildFile section */
		040209B7200AB1F100AA7411 /* chuck_carrier.cpp in Sources */ = {isa = PBXBuildFile; fileRef = 040209B6200AB1F100AA7411 /* chuck_carrier.cpp */; };
		04813AAF1EF992CA00112924 /* hrtftable.cpp in Sources */ = {isa = PBXBuildFile; fileRef = 04813AAC1EF992CA00112924 /* hrtftable.cpp */; };
		04813AB01EF992CA00112924 /* Plugin_PanSpatializer.cpp in Sources */ = {isa = PBXBuildFile; fileRef = 04813AAD1EF992CA00112924 /* Plugin_PanSpatializer.cpp */; };
		04813AB11EF992CA00112924 /* Plugin_Spatializer.cpp in Sources */ = {isa = PBXBuildFile; fileRef = 04813AAE1EF992CA00112924 /* Plugin_Spatializer.cpp */; };
		04813AB61EFAF26000112924 /* Plugin_SpatializerReverb.cpp in Sources */ = {isa = PBXBuildFile; fileRef = 04813AB51EFAF26000112924 /* Plugin_SpatializerReverb.cpp */; };
		048D70671F81584300A703EB /* chuck.lex in Sources */ = {isa = PBXBuildFile; fileRef = 0492AD4D1F6B83A7005FE7CE /* chuck.lex */; };
		048D70681F81584500A703EB /* chuck.y in Sources */ = {isa = PBXBuildFile; fileRef = 0492AD4E1F6B83A7005FE7CE /* chuck.y */; };
		0492ADE31F6B83A7005FE7CE /* chuck.cpp in Sources */ = {isa = PBXBuildFile; fileRef = 0492AD4B1F6B83A7005FE7CE /* chuck.cpp */; };
		0492ADE61F6B83A7005FE7CE /* chuck_absyn.cpp in Sources */ = {isa = PBXBuildFile; fileRef = 0492AD4F1F6B83A7005FE7CE /* chuck_absyn.cpp */; };
		0492ADE71F6B83A7005FE7CE /* chuck_compile.cpp in Sources */ = {isa = PBXBuildFile; fileRef = 0492AD521F6B83A7005FE7CE /* chuck_compile.cpp */; };
		0492ADE81F6B83A7005FE7CE /* chuck_dl.cpp in Sources */ = {isa = PBXBuildFile; fileRef = 0492AD551F6B83A7005FE7CE /* chuck_dl.cpp */; };
		0492ADE91F6B83A7005FE7CE /* chuck_emit.cpp in Sources */ = {isa = PBXBuildFile; fileRef = 0492AD571F6B83A7005FE7CE /* chuck_emit.cpp */; };
		0492ADEA1F6B83A7005FE7CE /* chuck_errmsg.cpp in Sources */ = {isa = PBXBuildFile; fileRef = 0492AD591F6B83A7005FE7CE /* chuck_errmsg.cpp */; };
		0492ADEB1F6B83A7005FE7CE /* chuck_frame.cpp in Sources */ = {isa = PBXBuildFile; fileRef = 0492AD5B1F6B83A7005FE7CE /* chuck_frame.cpp */; };
		0492ADEC1F6B83A7005FE7CE /* chuck_instr.cpp in Sources */ = {isa = PBXBuildFile; fileRef = 0492AD5D1F6B83A7005FE7CE /* chuck_instr.cpp */; };
		0492ADED1F6B83A7005FE7CE /* chuck_io.cpp in Sources */ = {isa = PBXBuildFile; fileRef = 0492AD5F1F6B83A7005FE7CE /* chuck_io.cpp */; };
		0492ADEE1F6B83A7005FE7CE /* chuck_lang.cpp in Sources */ = {isa = PBXBuildFile; fileRef = 0492AD611F6B83A7005FE7CE /* chuck_lang.cpp */; };
		0492ADEF1F6B83A7005FE7CE /* chuck_oo.cpp in Sources */ = {isa = PBXBuildFile; fileRef = 0492AD631F6B83A7005FE7CE /* chuck_oo.cpp */; };
		0492ADF01F6B83A7005FE7CE /* chuck_otf.cpp in Sources */ = {isa = PBXBuildFile; fileRef = 0492AD651F6B83A7005FE7CE /* chuck_otf.cpp */; };
		0492ADF11F6B83A7005FE7CE /* chuck_parse.cpp in Sources */ = {isa = PBXBuildFile; fileRef = 0492AD671F6B83A7005FE7CE /* chuck_parse.cpp */; };
		0492ADF21F6B83A7005FE7CE /* chuck_scan.cpp in Sources */ = {isa = PBXBuildFile; fileRef = 0492AD691F6B83A7005FE7CE /* chuck_scan.cpp */; };
		0492ADF31F6B83A7005FE7CE /* chuck_shell.cpp in Sources */ = {isa = PBXBuildFile; fileRef = 0492AD6B1F6B83A7005FE7CE /* chuck_shell.cpp */; };
		0492ADF41F6B83A7005FE7CE /* chuck_stats.cpp in Sources */ = {isa = PBXBuildFile; fileRef = 0492AD6D1F6B83A7005FE7CE /* chuck_stats.cpp */; };
		0492ADF51F6B83A7005FE7CE /* chuck_symbol.cpp in Sources */ = {isa = PBXBuildFile; fileRef = 0492AD6F1F6B83A7005FE7CE /* chuck_symbol.cpp */; };
		0492ADF61F6B83A7005FE7CE /* chuck_table.cpp in Sources */ = {isa = PBXBuildFile; fileRef = 0492AD711F6B83A7005FE7CE /* chuck_table.cpp */; };
		0492ADF71F6B83A7005FE7CE /* chuck_type.cpp in Sources */ = {isa = PBXBuildFile; fileRef = 0492AD731F6B83A7005FE7CE /* chuck_type.cpp */; };
		0492ADF81F6B83A7005FE7CE /* chuck_ugen.cpp in Sources */ = {isa = PBXBuildFile; fileRef = 0492AD751F6B83A7005FE7CE /* chuck_ugen.cpp */; };
		0492ADF91F6B83A7005FE7CE /* chuck_utils.cpp in Sources */ = {isa = PBXBuildFile; fileRef = 0492AD771F6B83A7005FE7CE /* chuck_utils.cpp */; };
		0492ADFA1F6B83A7005FE7CE /* chuck_vm.cpp in Sources */ = {isa = PBXBuildFile; fileRef = 0492AD791F6B83A7005FE7CE /* chuck_vm.cpp */; };
		0492ADFB1F6B83A7005FE7CE /* hidio_sdl.cpp in Sources */ = {isa = PBXBuildFile; fileRef = 0492AD7C1F6B83A7005FE7CE /* hidio_sdl.cpp */; };
		0492ADFC1F6B83A7005FE7CE /* address.c in Sources */ = {isa = PBXBuildFile; fileRef = 0492AD7F1F6B83A7005FE7CE /* address.c */; settings = {COMPILER_FLAGS = "-DHAVE_CONFIG_H -I../chuck/core"; }; };
		0492ADFD1F6B83A7005FE7CE /* blob.c in Sources */ = {isa = PBXBuildFile; fileRef = 0492AD801F6B83A7005FE7CE /* blob.c */; settings = {COMPILER_FLAGS = "-DHAVE_CONFIG_H -I../chuck/core"; }; };
		0492ADFE1F6B83A7005FE7CE /* bundle.c in Sources */ = {isa = PBXBuildFile; fileRef = 0492AD811F6B83A7005FE7CE /* bundle.c */; settings = {COMPILER_FLAGS = "-DHAVE_CONFIG_H -I../chuck/core"; }; };
		0492ADFF1F6B83A7005FE7CE /* message.c in Sources */ = {isa = PBXBuildFile; fileRef = 0492AD8D1F6B83A7005FE7CE /* message.c */; settings = {COMPILER_FLAGS = "-DHAVE_CONFIG_H -I../chuck/core"; }; };
		0492AE001F6B83A7005FE7CE /* method.c in Sources */ = {isa = PBXBuildFile; fileRef = 0492AD8E1F6B83A7005FE7CE /* method.c */; settings = {COMPILER_FLAGS = "-DHAVE_CONFIG_H -I../chuck/core"; }; };
		0492AE011F6B83A7005FE7CE /* pattern_match.c in Sources */ = {isa = PBXBuildFile; fileRef = 0492AD8F1F6B83A7005FE7CE /* pattern_match.c */; settings = {COMPILER_FLAGS = "-DHAVE_CONFIG_H -I../chuck/core"; }; };
		0492AE021F6B83A7005FE7CE /* send.c in Sources */ = {isa = PBXBuildFile; fileRef = 0492AD901F6B83A7005FE7CE /* send.c */; settings = {COMPILER_FLAGS = "-DHAVE_CONFIG_H -I../chuck/core"; }; };
		0492AE031F6B83A7005FE7CE /* server.c in Sources */ = {isa = PBXBuildFile; fileRef = 0492AD911F6B83A7005FE7CE /* server.c */; settings = {COMPILER_FLAGS = "-DHAVE_CONFIG_H -I../chuck/core"; }; };
		0492AE041F6B83A7005FE7CE /* server_thread.c in Sources */ = {isa = PBXBuildFile; fileRef = 0492AD921F6B83A7005FE7CE /* server_thread.c */; settings = {COMPILER_FLAGS = "-DHAVE_CONFIG_H -I../chuck/core"; }; };
		0492AE051F6B83A7005FE7CE /* timetag.c in Sources */ = {isa = PBXBuildFile; fileRef = 0492AD931F6B83A7005FE7CE /* timetag.c */; settings = {COMPILER_FLAGS = "-DHAVE_CONFIG_H -I../chuck/core"; }; };
		0492AE061F6B83A7005FE7CE /* midiio_rtmidi.cpp in Sources */ = {isa = PBXBuildFile; fileRef = 0492AD941F6B83A7005FE7CE /* midiio_rtmidi.cpp */; };
		0492AE161F6B83A8005FE7CE /* rtmidi.cpp in Sources */ = {isa = PBXBuildFile; fileRef = 0492ADB31F6B83A7005FE7CE /* rtmidi.cpp */; };
		0492AE171F6B83A8005FE7CE /* uana_extract.cpp in Sources */ = {isa = PBXBuildFile; fileRef = 0492ADB51F6B83A7005FE7CE /* uana_extract.cpp */; };
		0492AE181F6B83A8005FE7CE /* uana_xform.cpp in Sources */ = {isa = PBXBuildFile; fileRef = 0492ADB71F6B83A7005FE7CE /* uana_xform.cpp */; };
		0492AE191F6B83A8005FE7CE /* ugen_filter.cpp in Sources */ = {isa = PBXBuildFile; fileRef = 0492ADB91F6B83A7005FE7CE /* ugen_filter.cpp */; };
		0492AE1A1F6B83A8005FE7CE /* ugen_osc.cpp in Sources */ = {isa = PBXBuildFile; fileRef = 0492ADBB1F6B83A7005FE7CE /* ugen_osc.cpp */; };
		0492AE1B1F6B83A8005FE7CE /* ugen_stk.cpp in Sources */ = {isa = PBXBuildFile; fileRef = 0492ADBD1F6B83A7005FE7CE /* ugen_stk.cpp */; };
		0492AE1C1F6B83A8005FE7CE /* ugen_xxx.cpp in Sources */ = {isa = PBXBuildFile; fileRef = 0492ADBF1F6B83A7005FE7CE /* ugen_xxx.cpp */; };
		0492AE1D1F6B83A8005FE7CE /* ulib_machine.cpp in Sources */ = {isa = PBXBuildFile; fileRef = 0492ADC11F6B83A7005FE7CE /* ulib_machine.cpp */; };
		0492AE1E1F6B83A8005FE7CE /* ulib_math.cpp in Sources */ = {isa = PBXBuildFile; fileRef = 0492ADC31F6B83A7005FE7CE /* ulib_math.cpp */; };
		0492AE1F1F6B83A8005FE7CE /* ulib_opsc.cpp in Sources */ = {isa = PBXBuildFile; fileRef = 0492ADC51F6B83A7005FE7CE /* ulib_opsc.cpp */; };
		0492AE201F6B83A8005FE7CE /* ulib_regex.cpp in Sources */ = {isa = PBXBuildFile; fileRef = 0492ADC71F6B83A7005FE7CE /* ulib_regex.cpp */; };
		0492AE211F6B83A8005FE7CE /* ulib_std.cpp in Sources */ = {isa = PBXBuildFile; fileRef = 0492ADC91F6B83A7005FE7CE /* ulib_std.cpp */; };
		0492AE221F6B83A8005FE7CE /* util_buffers.cpp in Sources */ = {isa = PBXBuildFile; fileRef = 0492ADCB1F6B83A7005FE7CE /* util_buffers.cpp */; };
		0492AE231F6B83A8005FE7CE /* util_console.cpp in Sources */ = {isa = PBXBuildFile; fileRef = 0492ADCD1F6B83A7005FE7CE /* util_console.cpp */; };
		0492AE241F6B83A8005FE7CE /* util_hid.cpp in Sources */ = {isa = PBXBuildFile; fileRef = 0492ADCF1F6B83A7005FE7CE /* util_hid.cpp */; };
		0492AE251F6B83A8005FE7CE /* util_math.c in Sources */ = {isa = PBXBuildFile; fileRef = 0492ADD11F6B83A7005FE7CE /* util_math.c */; };
		0492AE261F6B83A8005FE7CE /* util_network.c in Sources */ = {isa = PBXBuildFile; fileRef = 0492ADD31F6B83A7005FE7CE /* util_network.c */; };
		0492AE271F6B83A8005FE7CE /* util_opsc.cpp in Sources */ = {isa = PBXBuildFile; fileRef = 0492ADD51F6B83A7005FE7CE /* util_opsc.cpp */; };
		0492AE281F6B83A8005FE7CE /* util_raw.c in Sources */ = {isa = PBXBuildFile; fileRef = 0492ADD71F6B83A7005FE7CE /* util_raw.c */; };
		0492AE291F6B83A8005FE7CE /* util_serial.cpp in Sources */ = {isa = PBXBuildFile; fileRef = 0492ADD91F6B83A7005FE7CE /* util_serial.cpp */; };
		0492AE2A1F6B83A8005FE7CE /* util_sndfile.c in Sources */ = {isa = PBXBuildFile; fileRef = 0492ADDB1F6B83A7005FE7CE /* util_sndfile.c */; };
		0492AE2B1F6B83A8005FE7CE /* util_string.cpp in Sources */ = {isa = PBXBuildFile; fileRef = 0492ADDD1F6B83A7005FE7CE /* util_string.cpp */; };
		0492AE2C1F6B83A8005FE7CE /* util_thread.cpp in Sources */ = {isa = PBXBuildFile; fileRef = 0492ADDF1F6B83A7005FE7CE /* util_thread.cpp */; };
		0492AE2D1F6B83A8005FE7CE /* util_xforms.c in Sources */ = {isa = PBXBuildFile; fileRef = 0492ADE11F6B83A7005FE7CE /* util_xforms.c */; };
		04E09869209D276500BF924F /* AudioPluginUtil.cpp in Sources */ = {isa = PBXBuildFile; fileRef = 04E09866209D276400BF924F /* AudioPluginUtil.cpp */; };
		04F254551EA69B7C00B36889 /* CoreAudio.framework in Frameworks */ = {isa = PBXBuildFile; fileRef = 04F254541EA69B7C00B36889 /* CoreAudio.framework */; };
		04F254571EA69B8700B36889 /* IOKit.framework in Frameworks */ = {isa = PBXBuildFile; fileRef = 04F254561EA69B8700B36889 /* IOKit.framework */; };
		04F254591EA69B9400B36889 /* Carbon.framework in Frameworks */ = {isa = PBXBuildFile; fileRef = 04F254581EA69B9400B36889 /* Carbon.framework */; };
		04F2545B1EA69B9F00B36889 /* AppKit.framework in Frameworks */ = {isa = PBXBuildFile; fileRef = 04F2545A1EA69B9F00B36889 /* AppKit.framework */; };
		04F2545D1EA69BAF00B36889 /* Foundation.framework in Frameworks */ = {isa = PBXBuildFile; fileRef = 04F2545C1EA69BAF00B36889 /* Foundation.framework */; };
		04F2545F1EA69C3A00B36889 /* MultitouchSupport.framework in Frameworks */ = {isa = PBXBuildFile; fileRef = 04F2545E1EA69C3A00B36889 /* MultitouchSupport.framework */; };
		04F254631EA7D82F00B36889 /* Plugin_ChucK.cpp in Sources */ = {isa = PBXBuildFile; fileRef = 04F254611EA7D82F00B36889 /* Plugin_ChucK.cpp */; };
		04F9FB26264DBD9F008B7F74 /* chuck_globals.cpp in Sources */ = {isa = PBXBuildFile; fileRef = 04F9FB25264DBD9F008B7F74 /* chuck_globals.cpp */; };
		2BC2A8D5144C433D00D5EF79 /* OpenGL.framework in Frameworks */ = {isa = PBXBuildFile; fileRef = 2BC2A8D4144C433D00D5EF79 /* OpenGL.framework */; };
		3BC406E41AFB7CDF00E92CB9 /* CoreMIDI.framework in Frameworks */ = {isa = PBXBuildFile; fileRef = 3BC406E31AFB7CDF00E92CB9 /* CoreMIDI.framework */; };
		8D576314048677EA00EA77CD /* CoreFoundation.framework in Frameworks */ = {isa = PBXBuildFile; fileRef = 0AA1909FFE8422F4C02AAC07 /* CoreFoundation.framework */; };
/* End PBXBuildFile section */

/* Begin PBXFileReference section */
		040209B6200AB1F100AA7411 /* chuck_carrier.cpp */ = {isa = PBXFileReference; fileEncoding = 4; lastKnownFileType = sourcecode.cpp.cpp; name = chuck_carrier.cpp; path = ../src/core/chuck_carrier.cpp; sourceTree = "<group>"; };
		04813AAC1EF992CA00112924 /* hrtftable.cpp */ = {isa = PBXFileReference; fileEncoding = 4; lastKnownFileType = sourcecode.cpp.cpp; name = hrtftable.cpp; path = ../hrtftable.cpp; sourceTree = "<group>"; };
		04813AAD1EF992CA00112924 /* Plugin_PanSpatializer.cpp */ = {isa = PBXFileReference; fileEncoding = 4; lastKnownFileType = sourcecode.cpp.cpp; name = Plugin_PanSpatializer.cpp; path = ../Plugin_PanSpatializer.cpp; sourceTree = "<group>"; };
		04813AAE1EF992CA00112924 /* Plugin_Spatializer.cpp */ = {isa = PBXFileReference; fileEncoding = 4; lastKnownFileType = sourcecode.cpp.cpp; name = Plugin_Spatializer.cpp; path = ../Plugin_Spatializer.cpp; sourceTree = "<group>"; };
		04813AB51EFAF26000112924 /* Plugin_SpatializerReverb.cpp */ = {isa = PBXFileReference; fileEncoding = 4; lastKnownFileType = sourcecode.cpp.cpp; name = Plugin_SpatializerReverb.cpp; path = ../Plugin_SpatializerReverb.cpp; sourceTree = "<group>"; };
		0492AD4B1F6B83A7005FE7CE /* chuck.cpp */ = {isa = PBXFileReference; fileEncoding = 4; lastKnownFileType = sourcecode.cpp.cpp; name = chuck.cpp; path = ../chuck/src/core/chuck.cpp; sourceTree = SOURCE_ROOT; };
		0492AD4C1F6B83A7005FE7CE /* chuck.h */ = {isa = PBXFileReference; fileEncoding = 4; lastKnownFileType = sourcecode.c.h; name = chuck.h; path = ../chuck/src/core/chuck.h; sourceTree = SOURCE_ROOT; };
		0492AD4D1F6B83A7005FE7CE /* chuck.lex */ = {isa = PBXFileReference; explicitFileType = sourcecode.lex; fileEncoding = 4; name = chuck.lex; path = ../chuck/src/core/chuck.lex; sourceTree = SOURCE_ROOT; };
		0492AD4E1F6B83A7005FE7CE /* chuck.y */ = {isa = PBXFileReference; fileEncoding = 4; lastKnownFileType = sourcecode.yacc; name = chuck.y; path = ../chuck/src/core/chuck.y; sourceTree = SOURCE_ROOT; };
		0492AD4F1F6B83A7005FE7CE /* chuck_absyn.cpp */ = {isa = PBXFileReference; fileEncoding = 4; lastKnownFileType = sourcecode.cpp.cpp; name = chuck_absyn.cpp; path = ../chuck/src/core/chuck_absyn.cpp; sourceTree = SOURCE_ROOT; };
		0492AD501F6B83A7005FE7CE /* chuck_absyn.h */ = {isa = PBXFileReference; fileEncoding = 4; lastKnownFileType = sourcecode.c.h; name = chuck_absyn.h; path = ../chuck/src/core/chuck_absyn.h; sourceTree = SOURCE_ROOT; };
		0492AD511F6B83A7005FE7CE /* chuck_carrier.h */ = {isa = PBXFileReference; fileEncoding = 4; lastKnownFileType = sourcecode.c.h; name = chuck_carrier.h; path = ../chuck/src/core/chuck_carrier.h; sourceTree = SOURCE_ROOT; };
		0492AD521F6B83A7005FE7CE /* chuck_compile.cpp */ = {isa = PBXFileReference; fileEncoding = 4; lastKnownFileType = sourcecode.cpp.cpp; name = chuck_compile.cpp; path = ../chuck/src/core/chuck_compile.cpp; sourceTree = SOURCE_ROOT; };
		0492AD531F6B83A7005FE7CE /* chuck_compile.h */ = {isa = PBXFileReference; fileEncoding = 4; lastKnownFileType = sourcecode.c.h; name = chuck_compile.h; path = ../chuck/src/core/chuck_compile.h; sourceTree = SOURCE_ROOT; };
		0492AD541F6B83A7005FE7CE /* chuck_def.h */ = {isa = PBXFileReference; fileEncoding = 4; lastKnownFileType = sourcecode.c.h; name = chuck_def.h; path = ../chuck/src/core/chuck_def.h; sourceTree = SOURCE_ROOT; };
		0492AD551F6B83A7005FE7CE /* chuck_dl.cpp */ = {isa = PBXFileReference; fileEncoding = 4; lastKnownFileType = sourcecode.cpp.cpp; name = chuck_dl.cpp; path = ../chuck/src/core/chuck_dl.cpp; sourceTree = SOURCE_ROOT; };
		0492AD561F6B83A7005FE7CE /* chuck_dl.h */ = {isa = PBXFileReference; fileEncoding = 4; lastKnownFileType = sourcecode.c.h; name = chuck_dl.h; path = ../chuck/src/core/chuck_dl.h; sourceTree = SOURCE_ROOT; };
		0492AD571F6B83A7005FE7CE /* chuck_emit.cpp */ = {isa = PBXFileReference; fileEncoding = 4; lastKnownFileType = sourcecode.cpp.cpp; name = chuck_emit.cpp; path = ../chuck/src/core/chuck_emit.cpp; sourceTree = SOURCE_ROOT; };
		0492AD581F6B83A7005FE7CE /* chuck_emit.h */ = {isa = PBXFileReference; fileEncoding = 4; lastKnownFileType = sourcecode.c.h; name = chuck_emit.h; path = ../chuck/src/core/chuck_emit.h; sourceTree = SOURCE_ROOT; };
		0492AD591F6B83A7005FE7CE /* chuck_errmsg.cpp */ = {isa = PBXFileReference; fileEncoding = 4; lastKnownFileType = sourcecode.cpp.cpp; name = chuck_errmsg.cpp; path = ../chuck/src/core/chuck_errmsg.cpp; sourceTree = SOURCE_ROOT; };
		0492AD5A1F6B83A7005FE7CE /* chuck_errmsg.h */ = {isa = PBXFileReference; fileEncoding = 4; lastKnownFileType = sourcecode.c.h; name = chuck_errmsg.h; path = ../chuck/src/core/chuck_errmsg.h; sourceTree = SOURCE_ROOT; };
		0492AD5B1F6B83A7005FE7CE /* chuck_frame.cpp */ = {isa = PBXFileReference; fileEncoding = 4; lastKnownFileType = sourcecode.cpp.cpp; name = chuck_frame.cpp; path = ../chuck/src/core/chuck_frame.cpp; sourceTree = SOURCE_ROOT; };
		0492AD5C1F6B83A7005FE7CE /* chuck_frame.h */ = {isa = PBXFileReference; fileEncoding = 4; lastKnownFileType = sourcecode.c.h; name = chuck_frame.h; path = ../chuck/src/core/chuck_frame.h; sourceTree = SOURCE_ROOT; };
		0492AD5D1F6B83A7005FE7CE /* chuck_instr.cpp */ = {isa = PBXFileReference; fileEncoding = 4; lastKnownFileType = sourcecode.cpp.cpp; name = chuck_instr.cpp; path = ../chuck/src/core/chuck_instr.cpp; sourceTree = SOURCE_ROOT; };
		0492AD5E1F6B83A7005FE7CE /* chuck_instr.h */ = {isa = PBXFileReference; fileEncoding = 4; lastKnownFileType = sourcecode.c.h; name = chuck_instr.h; path = ../chuck/src/core/chuck_instr.h; sourceTree = SOURCE_ROOT; };
		0492AD5F1F6B83A7005FE7CE /* chuck_io.cpp */ = {isa = PBXFileReference; fileEncoding = 4; lastKnownFileType = sourcecode.cpp.cpp; name = chuck_io.cpp; path = ../chuck/src/core/chuck_io.cpp; sourceTree = SOURCE_ROOT; };
		0492AD601F6B83A7005FE7CE /* chuck_io.h */ = {isa = PBXFileReference; fileEncoding = 4; lastKnownFileType = sourcecode.c.h; name = chuck_io.h; path = ../chuck/src/core/chuck_io.h; sourceTree = SOURCE_ROOT; };
		0492AD611F6B83A7005FE7CE /* chuck_lang.cpp */ = {isa = PBXFileReference; fileEncoding = 4; lastKnownFileType = sourcecode.cpp.cpp; name = chuck_lang.cpp; path = ../chuck/src/core/chuck_lang.cpp; sourceTree = SOURCE_ROOT; };
		0492AD621F6B83A7005FE7CE /* chuck_lang.h */ = {isa = PBXFileReference; fileEncoding = 4; lastKnownFileType = sourcecode.c.h; name = chuck_lang.h; path = ../chuck/src/core/chuck_lang.h; sourceTree = SOURCE_ROOT; };
		0492AD631F6B83A7005FE7CE /* chuck_oo.cpp */ = {isa = PBXFileReference; fileEncoding = 4; lastKnownFileType = sourcecode.cpp.cpp; name = chuck_oo.cpp; path = ../chuck/src/core/chuck_oo.cpp; sourceTree = SOURCE_ROOT; };
		0492AD641F6B83A7005FE7CE /* chuck_oo.h */ = {isa = PBXFileReference; fileEncoding = 4; lastKnownFileType = sourcecode.c.h; name = chuck_oo.h; path = ../chuck/src/core/chuck_oo.h; sourceTree = SOURCE_ROOT; };
		0492AD651F6B83A7005FE7CE /* chuck_otf.cpp */ = {isa = PBXFileReference; fileEncoding = 4; lastKnownFileType = sourcecode.cpp.cpp; name = chuck_otf.cpp; path = ../chuck/src/core/chuck_otf.cpp; sourceTree = SOURCE_ROOT; };
		0492AD661F6B83A7005FE7CE /* chuck_otf.h */ = {isa = PBXFileReference; fileEncoding = 4; lastKnownFileType = sourcecode.c.h; name = chuck_otf.h; path = ../chuck/src/core/chuck_otf.h; sourceTree = SOURCE_ROOT; };
		0492AD671F6B83A7005FE7CE /* chuck_parse.cpp */ = {isa = PBXFileReference; fileEncoding = 4; lastKnownFileType = sourcecode.cpp.cpp; name = chuck_parse.cpp; path = ../chuck/src/core/chuck_parse.cpp; sourceTree = SOURCE_ROOT; };
		0492AD681F6B83A7005FE7CE /* chuck_parse.h */ = {isa = PBXFileReference; fileEncoding = 4; lastKnownFileType = sourcecode.c.h; name = chuck_parse.h; path = ../chuck/src/core/chuck_parse.h; sourceTree = SOURCE_ROOT; };
		0492AD691F6B83A7005FE7CE /* chuck_scan.cpp */ = {isa = PBXFileReference; fileEncoding = 4; lastKnownFileType = sourcecode.cpp.cpp; name = chuck_scan.cpp; path = ../chuck/src/core/chuck_scan.cpp; sourceTree = SOURCE_ROOT; };
		0492AD6A1F6B83A7005FE7CE /* chuck_scan.h */ = {isa = PBXFileReference; fileEncoding = 4; lastKnownFileType = sourcecode.c.h; name = chuck_scan.h; path = ../chuck/src/core/chuck_scan.h; sourceTree = SOURCE_ROOT; };
		0492AD6B1F6B83A7005FE7CE /* chuck_shell.cpp */ = {isa = PBXFileReference; fileEncoding = 4; lastKnownFileType = sourcecode.cpp.cpp; name = chuck_shell.cpp; path = ../chuck/src/core/chuck_shell.cpp; sourceTree = SOURCE_ROOT; };
		0492AD6C1F6B83A7005FE7CE /* chuck_shell.h */ = {isa = PBXFileReference; fileEncoding = 4; lastKnownFileType = sourcecode.c.h; name = chuck_shell.h; path = ../chuck/src/core/chuck_shell.h; sourceTree = SOURCE_ROOT; };
		0492AD6D1F6B83A7005FE7CE /* chuck_stats.cpp */ = {isa = PBXFileReference; fileEncoding = 4; lastKnownFileType = sourcecode.cpp.cpp; name = chuck_stats.cpp; path = ../chuck/src/core/chuck_stats.cpp; sourceTree = SOURCE_ROOT; };
		0492AD6E1F6B83A7005FE7CE /* chuck_stats.h */ = {isa = PBXFileReference; fileEncoding = 4; lastKnownFileType = sourcecode.c.h; name = chuck_stats.h; path = ../chuck/src/core/chuck_stats.h; sourceTree = SOURCE_ROOT; };
		0492AD6F1F6B83A7005FE7CE /* chuck_symbol.cpp */ = {isa = PBXFileReference; fileEncoding = 4; lastKnownFileType = sourcecode.cpp.cpp; name = chuck_symbol.cpp; path = ../chuck/src/core/chuck_symbol.cpp; sourceTree = SOURCE_ROOT; };
		0492AD701F6B83A7005FE7CE /* chuck_symbol.h */ = {isa = PBXFileReference; fileEncoding = 4; lastKnownFileType = sourcecode.c.h; name = chuck_symbol.h; path = ../chuck/src/core/chuck_symbol.h; sourceTree = SOURCE_ROOT; };
		0492AD711F6B83A7005FE7CE /* chuck_table.cpp */ = {isa = PBXFileReference; fileEncoding = 4; lastKnownFileType = sourcecode.cpp.cpp; name = chuck_table.cpp; path = ../chuck/src/core/chuck_table.cpp; sourceTree = SOURCE_ROOT; };
		0492AD721F6B83A7005FE7CE /* chuck_table.h */ = {isa = PBXFileReference; fileEncoding = 4; lastKnownFileType = sourcecode.c.h; name = chuck_table.h; path = ../chuck/src/core/chuck_table.h; sourceTree = SOURCE_ROOT; };
		0492AD731F6B83A7005FE7CE /* chuck_type.cpp */ = {isa = PBXFileReference; fileEncoding = 4; lastKnownFileType = sourcecode.cpp.cpp; name = chuck_type.cpp; path = ../chuck/src/core/chuck_type.cpp; sourceTree = SOURCE_ROOT; };
		0492AD741F6B83A7005FE7CE /* chuck_type.h */ = {isa = PBXFileReference; fileEncoding = 4; lastKnownFileType = sourcecode.c.h; name = chuck_type.h; path = ../chuck/src/core/chuck_type.h; sourceTree = SOURCE_ROOT; };
		0492AD751F6B83A7005FE7CE /* chuck_ugen.cpp */ = {isa = PBXFileReference; fileEncoding = 4; lastKnownFileType = sourcecode.cpp.cpp; name = chuck_ugen.cpp; path = ../chuck/src/core/chuck_ugen.cpp; sourceTree = SOURCE_ROOT; };
		0492AD761F6B83A7005FE7CE /* chuck_ugen.h */ = {isa = PBXFileReference; fileEncoding = 4; lastKnownFileType = sourcecode.c.h; name = chuck_ugen.h; path = ../chuck/src/core/chuck_ugen.h; sourceTree = SOURCE_ROOT; };
		0492AD771F6B83A7005FE7CE /* chuck_utils.cpp */ = {isa = PBXFileReference; fileEncoding = 4; lastKnownFileType = sourcecode.cpp.cpp; name = chuck_utils.cpp; path = ../chuck/src/core/chuck_utils.cpp; sourceTree = SOURCE_ROOT; };
		0492AD781F6B83A7005FE7CE /* chuck_utils.h */ = {isa = PBXFileReference; fileEncoding = 4; lastKnownFileType = sourcecode.c.h; name = chuck_utils.h; path = ../chuck/src/core/chuck_utils.h; sourceTree = SOURCE_ROOT; };
		0492AD791F6B83A7005FE7CE /* chuck_vm.cpp */ = {isa = PBXFileReference; fileEncoding = 4; lastKnownFileType = sourcecode.cpp.cpp; name = chuck_vm.cpp; path = ../chuck/src/core/chuck_vm.cpp; sourceTree = SOURCE_ROOT; };
		0492AD7A1F6B83A7005FE7CE /* chuck_vm.h */ = {isa = PBXFileReference; fileEncoding = 4; lastKnownFileType = sourcecode.c.h; name = chuck_vm.h; path = ../chuck/src/core/chuck_vm.h; sourceTree = SOURCE_ROOT; };
		0492AD7B1F6B83A7005FE7CE /* dirent_win32.h */ = {isa = PBXFileReference; fileEncoding = 4; lastKnownFileType = sourcecode.c.h; name = dirent_win32.h; path = ../chuck/src/core/dirent_win32.h; sourceTree = SOURCE_ROOT; };
		0492AD7C1F6B83A7005FE7CE /* hidio_sdl.cpp */ = {isa = PBXFileReference; fileEncoding = 4; lastKnownFileType = sourcecode.cpp.cpp; name = hidio_sdl.cpp; path = ../chuck/src/core/hidio_sdl.cpp; sourceTree = SOURCE_ROOT; };
		0492AD7D1F6B83A7005FE7CE /* hidio_sdl.h */ = {isa = PBXFileReference; fileEncoding = 4; lastKnownFileType = sourcecode.c.h; name = hidio_sdl.h; path = ../chuck/src/core/hidio_sdl.h; sourceTree = SOURCE_ROOT; };
		0492AD7F1F6B83A7005FE7CE /* address.c */ = {isa = PBXFileReference; fileEncoding = 4; lastKnownFileType = sourcecode.c.c; path = address.c; sourceTree = "<group>"; };
		0492AD801F6B83A7005FE7CE /* blob.c */ = {isa = PBXFileReference; fileEncoding = 4; lastKnownFileType = sourcecode.c.c; path = blob.c; sourceTree = "<group>"; };
		0492AD811F6B83A7005FE7CE /* bundle.c */ = {isa = PBXFileReference; fileEncoding = 4; lastKnownFileType = sourcecode.c.c; path = bundle.c; sourceTree = "<group>"; };
		0492AD821F6B83A7005FE7CE /* config.h */ = {isa = PBXFileReference; fileEncoding = 4; lastKnownFileType = sourcecode.c.h; path = config.h; sourceTree = "<group>"; };
		0492AD831F6B83A7005FE7CE /* lo.h */ = {isa = PBXFileReference; fileEncoding = 4; lastKnownFileType = sourcecode.c.h; path = lo.h; sourceTree = "<group>"; };
		0492AD841F6B83A7005FE7CE /* lo_endian.h */ = {isa = PBXFileReference; fileEncoding = 4; lastKnownFileType = sourcecode.c.h; path = lo_endian.h; sourceTree = "<group>"; };
		0492AD851F6B83A7005FE7CE /* lo_errors.h */ = {isa = PBXFileReference; fileEncoding = 4; lastKnownFileType = sourcecode.c.h; path = lo_errors.h; sourceTree = "<group>"; };
		0492AD861F6B83A7005FE7CE /* lo_internal.h */ = {isa = PBXFileReference; fileEncoding = 4; lastKnownFileType = sourcecode.c.h; path = lo_internal.h; sourceTree = "<group>"; };
		0492AD871F6B83A7005FE7CE /* lo_lowlevel.h */ = {isa = PBXFileReference; fileEncoding = 4; lastKnownFileType = sourcecode.c.h; path = lo_lowlevel.h; sourceTree = "<group>"; };
		0492AD881F6B83A7005FE7CE /* lo_macros.h */ = {isa = PBXFileReference; fileEncoding = 4; lastKnownFileType = sourcecode.c.h; path = lo_macros.h; sourceTree = "<group>"; };
		0492AD891F6B83A7005FE7CE /* lo_osc_types.h */ = {isa = PBXFileReference; fileEncoding = 4; lastKnownFileType = sourcecode.c.h; path = lo_osc_types.h; sourceTree = "<group>"; };
		0492AD8A1F6B83A7005FE7CE /* lo_throw.h */ = {isa = PBXFileReference; fileEncoding = 4; lastKnownFileType = sourcecode.c.h; path = lo_throw.h; sourceTree = "<group>"; };
		0492AD8B1F6B83A7005FE7CE /* lo_types.h */ = {isa = PBXFileReference; fileEncoding = 4; lastKnownFileType = sourcecode.c.h; path = lo_types.h; sourceTree = "<group>"; };
		0492AD8C1F6B83A7005FE7CE /* lo_types_internal.h */ = {isa = PBXFileReference; fileEncoding = 4; lastKnownFileType = sourcecode.c.h; path = lo_types_internal.h; sourceTree = "<group>"; };
		0492AD8D1F6B83A7005FE7CE /* message.c */ = {isa = PBXFileReference; fileEncoding = 4; lastKnownFileType = sourcecode.c.c; path = message.c; sourceTree = "<group>"; };
		0492AD8E1F6B83A7005FE7CE /* method.c */ = {isa = PBXFileReference; fileEncoding = 4; lastKnownFileType = sourcecode.c.c; path = method.c; sourceTree = "<group>"; };
		0492AD8F1F6B83A7005FE7CE /* pattern_match.c */ = {isa = PBXFileReference; fileEncoding = 4; lastKnownFileType = sourcecode.c.c; path = pattern_match.c; sourceTree = "<group>"; };
		0492AD901F6B83A7005FE7CE /* send.c */ = {isa = PBXFileReference; fileEncoding = 4; lastKnownFileType = sourcecode.c.c; path = send.c; sourceTree = "<group>"; };
		0492AD911F6B83A7005FE7CE /* server.c */ = {isa = PBXFileReference; fileEncoding = 4; lastKnownFileType = sourcecode.c.c; path = server.c; sourceTree = "<group>"; };
		0492AD921F6B83A7005FE7CE /* server_thread.c */ = {isa = PBXFileReference; fileEncoding = 4; lastKnownFileType = sourcecode.c.c; path = server_thread.c; sourceTree = "<group>"; };
		0492AD931F6B83A7005FE7CE /* timetag.c */ = {isa = PBXFileReference; fileEncoding = 4; lastKnownFileType = sourcecode.c.c; path = timetag.c; sourceTree = "<group>"; };
		0492AD941F6B83A7005FE7CE /* midiio_rtmidi.cpp */ = {isa = PBXFileReference; fileEncoding = 4; lastKnownFileType = sourcecode.cpp.cpp; name = midiio_rtmidi.cpp; path = ../chuck/src/core/midiio_rtmidi.cpp; sourceTree = SOURCE_ROOT; };
		0492AD951F6B83A7005FE7CE /* midiio_rtmidi.h */ = {isa = PBXFileReference; fileEncoding = 4; lastKnownFileType = sourcecode.c.h; name = midiio_rtmidi.h; path = ../chuck/src/core/midiio_rtmidi.h; sourceTree = SOURCE_ROOT; };
		0492AD971F6B83A7005FE7CE /* config.h */ = {isa = PBXFileReference; fileEncoding = 4; lastKnownFileType = sourcecode.c.h; path = config.h; sourceTree = "<group>"; };
		0492AD981F6B83A7005FE7CE /* LICENSE.txt */ = {isa = PBXFileReference; fileEncoding = 4; lastKnownFileType = text; path = LICENSE.txt; sourceTree = "<group>"; };
		0492AD991F6B83A7005FE7CE /* README.txt */ = {isa = PBXFileReference; fileEncoding = 4; lastKnownFileType = text; path = README.txt; sourceTree = "<group>"; };
		0492AD9A1F6B83A7005FE7CE /* regcomp.c */ = {isa = PBXFileReference; fileEncoding = 4; lastKnownFileType = sourcecode.c.c; path = regcomp.c; sourceTree = "<group>"; };
		0492AD9B1F6B83A7005FE7CE /* regerror.c */ = {isa = PBXFileReference; fileEncoding = 4; lastKnownFileType = sourcecode.c.c; path = regerror.c; sourceTree = "<group>"; };
		0492AD9C1F6B83A7005FE7CE /* regex.h */ = {isa = PBXFileReference; fileEncoding = 4; lastKnownFileType = sourcecode.c.h; path = regex.h; sourceTree = "<group>"; };
		0492AD9D1F6B83A7005FE7CE /* regexec.c */ = {isa = PBXFileReference; fileEncoding = 4; lastKnownFileType = sourcecode.c.c; path = regexec.c; sourceTree = "<group>"; };
		0492AD9E1F6B83A7005FE7CE /* tre-ast.c */ = {isa = PBXFileReference; fileEncoding = 4; lastKnownFileType = sourcecode.c.c; path = "tre-ast.c"; sourceTree = "<group>"; };
		0492AD9F1F6B83A7005FE7CE /* tre-ast.h */ = {isa = PBXFileReference; fileEncoding = 4; lastKnownFileType = sourcecode.c.h; path = "tre-ast.h"; sourceTree = "<group>"; };
		0492ADA01F6B83A7005FE7CE /* tre-compile.c */ = {isa = PBXFileReference; fileEncoding = 4; lastKnownFileType = sourcecode.c.c; path = "tre-compile.c"; sourceTree = "<group>"; };
		0492ADA11F6B83A7005FE7CE /* tre-compile.h */ = {isa = PBXFileReference; fileEncoding = 4; lastKnownFileType = sourcecode.c.h; path = "tre-compile.h"; sourceTree = "<group>"; };
		0492ADA21F6B83A7005FE7CE /* tre-config.h */ = {isa = PBXFileReference; fileEncoding = 4; lastKnownFileType = sourcecode.c.h; path = "tre-config.h"; sourceTree = "<group>"; };
		0492ADA31F6B83A7005FE7CE /* tre-filter.c */ = {isa = PBXFileReference; fileEncoding = 4; lastKnownFileType = sourcecode.c.c; path = "tre-filter.c"; sourceTree = "<group>"; };
		0492ADA41F6B83A7005FE7CE /* tre-filter.h */ = {isa = PBXFileReference; fileEncoding = 4; lastKnownFileType = sourcecode.c.h; path = "tre-filter.h"; sourceTree = "<group>"; };
		0492ADA51F6B83A7005FE7CE /* tre-internal.h */ = {isa = PBXFileReference; fileEncoding = 4; lastKnownFileType = sourcecode.c.h; path = "tre-internal.h"; sourceTree = "<group>"; };
		0492ADA61F6B83A7005FE7CE /* tre-match-approx.c */ = {isa = PBXFileReference; fileEncoding = 4; lastKnownFileType = sourcecode.c.c; path = "tre-match-approx.c"; sourceTree = "<group>"; };
		0492ADA71F6B83A7005FE7CE /* tre-match-backtrack.c */ = {isa = PBXFileReference; fileEncoding = 4; lastKnownFileType = sourcecode.c.c; path = "tre-match-backtrack.c"; sourceTree = "<group>"; };
		0492ADA81F6B83A7005FE7CE /* tre-match-parallel.c */ = {isa = PBXFileReference; fileEncoding = 4; lastKnownFileType = sourcecode.c.c; path = "tre-match-parallel.c"; sourceTree = "<group>"; };
		0492ADA91F6B83A7005FE7CE /* tre-match-utils.h */ = {isa = PBXFileReference; fileEncoding = 4; lastKnownFileType = sourcecode.c.h; path = "tre-match-utils.h"; sourceTree = "<group>"; };
		0492ADAA1F6B83A7005FE7CE /* tre-mem.c */ = {isa = PBXFileReference; fileEncoding = 4; lastKnownFileType = sourcecode.c.c; path = "tre-mem.c"; sourceTree = "<group>"; };
		0492ADAB1F6B83A7005FE7CE /* tre-mem.h */ = {isa = PBXFileReference; fileEncoding = 4; lastKnownFileType = sourcecode.c.h; path = "tre-mem.h"; sourceTree = "<group>"; };
		0492ADAC1F6B83A7005FE7CE /* tre-parse.c */ = {isa = PBXFileReference; fileEncoding = 4; lastKnownFileType = sourcecode.c.c; path = "tre-parse.c"; sourceTree = "<group>"; };
		0492ADAD1F6B83A7005FE7CE /* tre-parse.h */ = {isa = PBXFileReference; fileEncoding = 4; lastKnownFileType = sourcecode.c.h; path = "tre-parse.h"; sourceTree = "<group>"; };
		0492ADAE1F6B83A7005FE7CE /* tre-stack.c */ = {isa = PBXFileReference; fileEncoding = 4; lastKnownFileType = sourcecode.c.c; path = "tre-stack.c"; sourceTree = "<group>"; };
		0492ADAF1F6B83A7005FE7CE /* tre-stack.h */ = {isa = PBXFileReference; fileEncoding = 4; lastKnownFileType = sourcecode.c.h; path = "tre-stack.h"; sourceTree = "<group>"; };
		0492ADB01F6B83A7005FE7CE /* tre.h */ = {isa = PBXFileReference; fileEncoding = 4; lastKnownFileType = sourcecode.c.h; path = tre.h; sourceTree = "<group>"; };
		0492ADB11F6B83A7005FE7CE /* xmalloc.c */ = {isa = PBXFileReference; fileEncoding = 4; lastKnownFileType = sourcecode.c.c; path = xmalloc.c; sourceTree = "<group>"; };
		0492ADB21F6B83A7005FE7CE /* xmalloc.h */ = {isa = PBXFileReference; fileEncoding = 4; lastKnownFileType = sourcecode.c.h; path = xmalloc.h; sourceTree = "<group>"; };
		0492ADB31F6B83A7005FE7CE /* rtmidi.cpp */ = {isa = PBXFileReference; fileEncoding = 4; lastKnownFileType = sourcecode.cpp.cpp; name = rtmidi.cpp; path = ../chuck/src/core/rtmidi.cpp; sourceTree = SOURCE_ROOT; };
		0492ADB41F6B83A7005FE7CE /* rtmidi.h */ = {isa = PBXFileReference; fileEncoding = 4; lastKnownFileType = sourcecode.c.h; name = rtmidi.h; path = ../chuck/src/core/rtmidi.h; sourceTree = SOURCE_ROOT; };
		0492ADB51F6B83A7005FE7CE /* uana_extract.cpp */ = {isa = PBXFileReference; fileEncoding = 4; lastKnownFileType = sourcecode.cpp.cpp; name = uana_extract.cpp; path = ../chuck/src/core/uana_extract.cpp; sourceTree = SOURCE_ROOT; };
		0492ADB61F6B83A7005FE7CE /* uana_extract.h */ = {isa = PBXFileReference; fileEncoding = 4; lastKnownFileType = sourcecode.c.h; name = uana_extract.h; path = ../chuck/src/core/uana_extract.h; sourceTree = SOURCE_ROOT; };
		0492ADB71F6B83A7005FE7CE /* uana_xform.cpp */ = {isa = PBXFileReference; fileEncoding = 4; lastKnownFileType = sourcecode.cpp.cpp; name = uana_xform.cpp; path = ../chuck/src/core/uana_xform.cpp; sourceTree = SOURCE_ROOT; };
		0492ADB81F6B83A7005FE7CE /* uana_xform.h */ = {isa = PBXFileReference; fileEncoding = 4; lastKnownFileType = sourcecode.c.h; name = uana_xform.h; path = ../chuck/src/core/uana_xform.h; sourceTree = SOURCE_ROOT; };
		0492ADB91F6B83A7005FE7CE /* ugen_filter.cpp */ = {isa = PBXFileReference; fileEncoding = 4; lastKnownFileType = sourcecode.cpp.cpp; name = ugen_filter.cpp; path = ../chuck/src/core/ugen_filter.cpp; sourceTree = SOURCE_ROOT; };
		0492ADBA1F6B83A7005FE7CE /* ugen_filter.h */ = {isa = PBXFileReference; fileEncoding = 4; lastKnownFileType = sourcecode.c.h; name = ugen_filter.h; path = ../chuck/src/core/ugen_filter.h; sourceTree = SOURCE_ROOT; };
		0492ADBB1F6B83A7005FE7CE /* ugen_osc.cpp */ = {isa = PBXFileReference; fileEncoding = 4; lastKnownFileType = sourcecode.cpp.cpp; name = ugen_osc.cpp; path = ../chuck/src/core/ugen_osc.cpp; sourceTree = SOURCE_ROOT; };
		0492ADBC1F6B83A7005FE7CE /* ugen_osc.h */ = {isa = PBXFileReference; fileEncoding = 4; lastKnownFileType = sourcecode.c.h; name = ugen_osc.h; path = ../chuck/src/core/ugen_osc.h; sourceTree = SOURCE_ROOT; };
		0492ADBD1F6B83A7005FE7CE /* ugen_stk.cpp */ = {isa = PBXFileReference; fileEncoding = 4; lastKnownFileType = sourcecode.cpp.cpp; name = ugen_stk.cpp; path = ../chuck/src/core/ugen_stk.cpp; sourceTree = SOURCE_ROOT; };
		0492ADBE1F6B83A7005FE7CE /* ugen_stk.h */ = {isa = PBXFileReference; fileEncoding = 4; lastKnownFileType = sourcecode.c.h; name = ugen_stk.h; path = ../chuck/src/core/ugen_stk.h; sourceTree = SOURCE_ROOT; };
		0492ADBF1F6B83A7005FE7CE /* ugen_xxx.cpp */ = {isa = PBXFileReference; fileEncoding = 4; lastKnownFileType = sourcecode.cpp.cpp; name = ugen_xxx.cpp; path = ../chuck/src/core/ugen_xxx.cpp; sourceTree = SOURCE_ROOT; };
		0492ADC01F6B83A7005FE7CE /* ugen_xxx.h */ = {isa = PBXFileReference; fileEncoding = 4; lastKnownFileType = sourcecode.c.h; name = ugen_xxx.h; path = ../chuck/src/core/ugen_xxx.h; sourceTree = SOURCE_ROOT; };
		0492ADC11F6B83A7005FE7CE /* ulib_machine.cpp */ = {isa = PBXFileReference; fileEncoding = 4; lastKnownFileType = sourcecode.cpp.cpp; name = ulib_machine.cpp; path = ../chuck/src/core/ulib_machine.cpp; sourceTree = SOURCE_ROOT; };
		0492ADC21F6B83A7005FE7CE /* ulib_machine.h */ = {isa = PBXFileReference; fileEncoding = 4; lastKnownFileType = sourcecode.c.h; name = ulib_machine.h; path = ../chuck/src/core/ulib_machine.h; sourceTree = SOURCE_ROOT; };
		0492ADC31F6B83A7005FE7CE /* ulib_math.cpp */ = {isa = PBXFileReference; fileEncoding = 4; lastKnownFileType = sourcecode.cpp.cpp; name = ulib_math.cpp; path = ../chuck/src/core/ulib_math.cpp; sourceTree = SOURCE_ROOT; };
		0492ADC41F6B83A7005FE7CE /* ulib_math.h */ = {isa = PBXFileReference; fileEncoding = 4; lastKnownFileType = sourcecode.c.h; name = ulib_math.h; path = ../chuck/src/core/ulib_math.h; sourceTree = SOURCE_ROOT; };
		0492ADC51F6B83A7005FE7CE /* ulib_opsc.cpp */ = {isa = PBXFileReference; fileEncoding = 4; lastKnownFileType = sourcecode.cpp.cpp; name = ulib_opsc.cpp; path = ../chuck/src/core/ulib_opsc.cpp; sourceTree = SOURCE_ROOT; };
		0492ADC61F6B83A7005FE7CE /* ulib_opsc.h */ = {isa = PBXFileReference; fileEncoding = 4; lastKnownFileType = sourcecode.c.h; name = ulib_opsc.h; path = ../chuck/src/core/ulib_opsc.h; sourceTree = SOURCE_ROOT; };
		0492ADC71F6B83A7005FE7CE /* ulib_regex.cpp */ = {isa = PBXFileReference; fileEncoding = 4; lastKnownFileType = sourcecode.cpp.cpp; name = ulib_regex.cpp; path = ../chuck/src/core/ulib_regex.cpp; sourceTree = SOURCE_ROOT; };
		0492ADC81F6B83A7005FE7CE /* ulib_regex.h */ = {isa = PBXFileReference; fileEncoding = 4; lastKnownFileType = sourcecode.c.h; name = ulib_regex.h; path = ../chuck/src/core/ulib_regex.h; sourceTree = SOURCE_ROOT; };
		0492ADC91F6B83A7005FE7CE /* ulib_std.cpp */ = {isa = PBXFileReference; fileEncoding = 4; lastKnownFileType = sourcecode.cpp.cpp; name = ulib_std.cpp; path = ../chuck/src/core/ulib_std.cpp; sourceTree = SOURCE_ROOT; };
		0492ADCA1F6B83A7005FE7CE /* ulib_std.h */ = {isa = PBXFileReference; fileEncoding = 4; lastKnownFileType = sourcecode.c.h; name = ulib_std.h; path = ../chuck/src/core/ulib_std.h; sourceTree = SOURCE_ROOT; };
		0492ADCB1F6B83A7005FE7CE /* util_buffers.cpp */ = {isa = PBXFileReference; fileEncoding = 4; lastKnownFileType = sourcecode.cpp.cpp; name = util_buffers.cpp; path = ../chuck/src/core/util_buffers.cpp; sourceTree = SOURCE_ROOT; };
		0492ADCC1F6B83A7005FE7CE /* util_buffers.h */ = {isa = PBXFileReference; fileEncoding = 4; lastKnownFileType = sourcecode.c.h; name = util_buffers.h; path = ../chuck/src/core/util_buffers.h; sourceTree = SOURCE_ROOT; };
		0492ADCD1F6B83A7005FE7CE /* util_console.cpp */ = {isa = PBXFileReference; fileEncoding = 4; lastKnownFileType = sourcecode.cpp.cpp; name = util_console.cpp; path = ../chuck/src/core/util_console.cpp; sourceTree = SOURCE_ROOT; };
		0492ADCE1F6B83A7005FE7CE /* util_console.h */ = {isa = PBXFileReference; fileEncoding = 4; lastKnownFileType = sourcecode.c.h; name = util_console.h; path = ../chuck/src/core/util_console.h; sourceTree = SOURCE_ROOT; };
		0492ADCF1F6B83A7005FE7CE /* util_hid.cpp */ = {isa = PBXFileReference; fileEncoding = 4; lastKnownFileType = sourcecode.cpp.cpp; name = util_hid.cpp; path = ../chuck/src/core/util_hid.cpp; sourceTree = SOURCE_ROOT; };
		0492ADD01F6B83A7005FE7CE /* util_hid.h */ = {isa = PBXFileReference; fileEncoding = 4; lastKnownFileType = sourcecode.c.h; name = util_hid.h; path = ../chuck/src/core/util_hid.h; sourceTree = SOURCE_ROOT; };
		0492ADD11F6B83A7005FE7CE /* util_math.c */ = {isa = PBXFileReference; fileEncoding = 4; lastKnownFileType = sourcecode.c.c; name = util_math.c; path = ../chuck/src/core/util_math.c; sourceTree = SOURCE_ROOT; };
		0492ADD21F6B83A7005FE7CE /* util_math.h */ = {isa = PBXFileReference; fileEncoding = 4; lastKnownFileType = sourcecode.c.h; name = util_math.h; path = ../chuck/src/core/util_math.h; sourceTree = SOURCE_ROOT; };
		0492ADD31F6B83A7005FE7CE /* util_network.c */ = {isa = PBXFileReference; fileEncoding = 4; lastKnownFileType = sourcecode.c.c; name = util_network.c; path = ../chuck/src/core/util_network.c; sourceTree = SOURCE_ROOT; };
		0492ADD41F6B83A7005FE7CE /* util_network.h */ = {isa = PBXFileReference; fileEncoding = 4; lastKnownFileType = sourcecode.c.h; name = util_network.h; path = ../chuck/src/core/util_network.h; sourceTree = SOURCE_ROOT; };
		0492ADD51F6B83A7005FE7CE /* util_opsc.cpp */ = {isa = PBXFileReference; fileEncoding = 4; lastKnownFileType = sourcecode.cpp.cpp; name = util_opsc.cpp; path = ../chuck/src/core/util_opsc.cpp; sourceTree = SOURCE_ROOT; };
		0492ADD61F6B83A7005FE7CE /* util_opsc.h */ = {isa = PBXFileReference; fileEncoding = 4; lastKnownFileType = sourcecode.c.h; name = util_opsc.h; path = ../chuck/src/core/util_opsc.h; sourceTree = SOURCE_ROOT; };
		0492ADD71F6B83A7005FE7CE /* util_raw.c */ = {isa = PBXFileReference; fileEncoding = 4; lastKnownFileType = sourcecode.c.c; name = util_raw.c; path = ../chuck/src/core/util_raw.c; sourceTree = SOURCE_ROOT; };
		0492ADD81F6B83A7005FE7CE /* util_raw.h */ = {isa = PBXFileReference; fileEncoding = 4; lastKnownFileType = sourcecode.c.h; name = util_raw.h; path = ../chuck/src/core/util_raw.h; sourceTree = SOURCE_ROOT; };
		0492ADD91F6B83A7005FE7CE /* util_serial.cpp */ = {isa = PBXFileReference; fileEncoding = 4; lastKnownFileType = sourcecode.cpp.cpp; name = util_serial.cpp; path = ../chuck/src/core/util_serial.cpp; sourceTree = SOURCE_ROOT; };
		0492ADDA1F6B83A7005FE7CE /* util_serial.h */ = {isa = PBXFileReference; fileEncoding = 4; lastKnownFileType = sourcecode.c.h; name = util_serial.h; path = ../chuck/src/core/util_serial.h; sourceTree = SOURCE_ROOT; };
		0492ADDB1F6B83A7005FE7CE /* util_sndfile.c */ = {isa = PBXFileReference; fileEncoding = 4; lastKnownFileType = sourcecode.c.c; name = util_sndfile.c; path = ../chuck/src/core/util_sndfile.c; sourceTree = SOURCE_ROOT; };
		0492ADDC1F6B83A7005FE7CE /* util_sndfile.h */ = {isa = PBXFileReference; fileEncoding = 4; lastKnownFileType = sourcecode.c.h; name = util_sndfile.h; path = ../chuck/src/core/util_sndfile.h; sourceTree = SOURCE_ROOT; };
		0492ADDD1F6B83A7005FE7CE /* util_string.cpp */ = {isa = PBXFileReference; fileEncoding = 4; lastKnownFileType = sourcecode.cpp.cpp; name = util_string.cpp; path = ../chuck/src/core/util_string.cpp; sourceTree = SOURCE_ROOT; };
		0492ADDE1F6B83A7005FE7CE /* util_string.h */ = {isa = PBXFileReference; fileEncoding = 4; lastKnownFileType = sourcecode.c.h; name = util_string.h; path = ../chuck/src/core/util_string.h; sourceTree = SOURCE_ROOT; };
		0492ADDF1F6B83A7005FE7CE /* util_thread.cpp */ = {isa = PBXFileReference; fileEncoding = 4; lastKnownFileType = sourcecode.cpp.cpp; name = util_thread.cpp; path = ../chuck/src/core/util_thread.cpp; sourceTree = SOURCE_ROOT; };
		0492ADE01F6B83A7005FE7CE /* util_thread.h */ = {isa = PBXFileReference; fileEncoding = 4; lastKnownFileType = sourcecode.c.h; name = util_thread.h; path = ../chuck/src/core/util_thread.h; sourceTree = SOURCE_ROOT; };
		0492ADE11F6B83A7005FE7CE /* util_xforms.c */ = {isa = PBXFileReference; fileEncoding = 4; lastKnownFileType = sourcecode.c.c; name = util_xforms.c; path = ../chuck/src/core/util_xforms.c; sourceTree = SOURCE_ROOT; };
		0492ADE21F6B83A7005FE7CE /* util_xforms.h */ = {isa = PBXFileReference; fileEncoding = 4; lastKnownFileType = sourcecode.c.h; name = util_xforms.h; path = ../chuck/src/core/util_xforms.h; sourceTree = SOURCE_ROOT; };
		0492AE2E1F6BA619005FE7CE /* chuck_win32.c */ = {isa = PBXFileReference; fileEncoding = 4; lastKnownFileType = sourcecode.c.c; name = chuck_win32.c; path = ../chuck/src/core/chuck_win32.c; sourceTree = SOURCE_ROOT; };
		0492AE2F1F6BA619005FE7CE /* chuck_win32.h */ = {isa = PBXFileReference; fileEncoding = 4; lastKnownFileType = sourcecode.c.h; name = chuck_win32.h; path = ../chuck/src/core/chuck_win32.h; sourceTree = SOURCE_ROOT; };
		0492AE311F6BA634005FE7CE /* chuck.tab.c */ = {isa = PBXFileReference; fileEncoding = 4; lastKnownFileType = sourcecode.c.c; name = chuck.tab.c; path = ../chuck/src/core/chuck.tab.c; sourceTree = SOURCE_ROOT; };
		0492AE321F6BA634005FE7CE /* chuck.tab.h */ = {isa = PBXFileReference; fileEncoding = 4; lastKnownFileType = sourcecode.c.h; name = chuck.tab.h; path = ../chuck/src/core/chuck.tab.h; sourceTree = SOURCE_ROOT; };
		04D57E1B1ECAC01F00EC69E3 /* Plugin_ChucK.h */ = {isa = PBXFileReference; fileEncoding = 4; lastKnownFileType = sourcecode.c.h; name = Plugin_ChucK.h; path = ../Plugin_ChucK.h; sourceTree = "<group>"; };
		04E09864209D276400BF924F /* IUnityInterface.h */ = {isa = PBXFileReference; fileEncoding = 4; lastKnownFileType = sourcecode.c.h; name = IUnityInterface.h; path = ../IUnityInterface.h; sourceTree = "<group>"; };
		04E09865209D276400BF924F /* AudioPluginUtil.h */ = {isa = PBXFileReference; fileEncoding = 4; lastKnownFileType = sourcecode.c.h; name = AudioPluginUtil.h; path = ../AudioPluginUtil.h; sourceTree = "<group>"; };
		04E09866209D276400BF924F /* AudioPluginUtil.cpp */ = {isa = PBXFileReference; fileEncoding = 4; lastKnownFileType = sourcecode.cpp.cpp; name = AudioPluginUtil.cpp; path = ../AudioPluginUtil.cpp; sourceTree = "<group>"; };
		04E09867209D276400BF924F /* AudioPluginInterface.h */ = {isa = PBXFileReference; fileEncoding = 4; lastKnownFileType = sourcecode.c.h; name = AudioPluginInterface.h; path = ../AudioPluginInterface.h; sourceTree = "<group>"; };
		04E09868209D276500BF924F /* IUnityGraphics.h */ = {isa = PBXFileReference; fileEncoding = 4; lastKnownFileType = sourcecode.c.h; name = IUnityGraphics.h; path = ../IUnityGraphics.h; sourceTree = "<group>"; };
		04F254541EA69B7C00B36889 /* CoreAudio.framework */ = {isa = PBXFileReference; lastKnownFileType = wrapper.framework; name = CoreAudio.framework; path = System/Library/Frameworks/CoreAudio.framework; sourceTree = SDKROOT; };
		04F254561EA69B8700B36889 /* IOKit.framework */ = {isa = PBXFileReference; lastKnownFileType = wrapper.framework; name = IOKit.framework; path = System/Library/Frameworks/IOKit.framework; sourceTree = SDKROOT; };
		04F254581EA69B9400B36889 /* Carbon.framework */ = {isa = PBXFileReference; lastKnownFileType = wrapper.framework; name = Carbon.framework; path = System/Library/Frameworks/Carbon.framework; sourceTree = SDKROOT; };
		04F2545A1EA69B9F00B36889 /* AppKit.framework */ = {isa = PBXFileReference; lastKnownFileType = wrapper.framework; name = AppKit.framework; path = System/Library/Frameworks/AppKit.framework; sourceTree = SDKROOT; };
		04F2545C1EA69BAF00B36889 /* Foundation.framework */ = {isa = PBXFileReference; lastKnownFileType = wrapper.framework; name = Foundation.framework; path = System/Library/Frameworks/Foundation.framework; sourceTree = SDKROOT; };
		04F2545E1EA69C3A00B36889 /* MultitouchSupport.framework */ = {isa = PBXFileReference; lastKnownFileType = wrapper.framework; name = MultitouchSupport.framework; path = ../../../../../../../../../System/Library/PrivateFrameworks/MultitouchSupport.framework; sourceTree = "<group>"; };
		04F254611EA7D82F00B36889 /* Plugin_ChucK.cpp */ = {isa = PBXFileReference; fileEncoding = 4; lastKnownFileType = sourcecode.cpp.cpp; name = Plugin_ChucK.cpp; path = ../Plugin_ChucK.cpp; sourceTree = "<group>"; };
		04F9FB24264DBD9E008B7F74 /* chuck_globals.h */ = {isa = PBXFileReference; fileEncoding = 4; lastKnownFileType = sourcecode.c.h; name = chuck_globals.h; path = ../src/core/chuck_globals.h; sourceTree = "<group>"; };
		04F9FB25264DBD9F008B7F74 /* chuck_globals.cpp */ = {isa = PBXFileReference; fileEncoding = 4; lastKnownFileType = sourcecode.cpp.cpp; name = chuck_globals.cpp; path = ../src/core/chuck_globals.cpp; sourceTree = "<group>"; };
		0AA1909FFE8422F4C02AAC07 /* CoreFoundation.framework */ = {isa = PBXFileReference; lastKnownFileType = wrapper.framework; name = CoreFoundation.framework; path = /System/Library/Frameworks/CoreFoundation.framework; sourceTree = "<absolute>"; };
		2BC2A8D4144C433D00D5EF79 /* OpenGL.framework */ = {isa = PBXFileReference; lastKnownFileType = wrapper.framework; name = OpenGL.framework; path = System/Library/Frameworks/OpenGL.framework; sourceTree = SDKROOT; };
		3BC406E31AFB7CDF00E92CB9 /* CoreMIDI.framework */ = {isa = PBXFileReference; lastKnownFileType = wrapper.framework; name = CoreMIDI.framework; path = System/Library/Frameworks/CoreMIDI.framework; sourceTree = SDKROOT; };
		3D199B6D1858F3E60063EC53 /* PluginList.h */ = {isa = PBXFileReference; fileEncoding = 4; lastKnownFileType = sourcecode.c.h; name = PluginList.h; path = ../PluginList.h; sourceTree = "<group>"; };
		8D576316048677EA00EA77CD /* AudioPluginChuck.bundle */ = {isa = PBXFileReference; explicitFileType = wrapper.cfbundle; includeInIndex = 0; path = AudioPluginChuck.bundle; sourceTree = BUILT_PRODUCTS_DIR; };
		8D576317048677EA00EA77CD /* Info.plist */ = {isa = PBXFileReference; fileEncoding = 4; lastKnownFileType = text.plist.xml; path = Info.plist; sourceTree = "<group>"; };
/* End PBXFileReference section */

/* Begin PBXFrameworksBuildPhase section */
		8D576313048677EA00EA77CD /* Frameworks */ = {
			isa = PBXFrameworksBuildPhase;
			buildActionMask = 2147483647;
			files = (
				04F2545F1EA69C3A00B36889 /* MultitouchSupport.framework in Frameworks */,
				04F254551EA69B7C00B36889 /* CoreAudio.framework in Frameworks */,
				3BC406E41AFB7CDF00E92CB9 /* CoreMIDI.framework in Frameworks */,
				8D576314048677EA00EA77CD /* CoreFoundation.framework in Frameworks */,
				04F254571EA69B8700B36889 /* IOKit.framework in Frameworks */,
				04F254591EA69B9400B36889 /* Carbon.framework in Frameworks */,
				04F2545B1EA69B9F00B36889 /* AppKit.framework in Frameworks */,
				04F2545D1EA69BAF00B36889 /* Foundation.framework in Frameworks */,
				2BC2A8D5144C433D00D5EF79 /* OpenGL.framework in Frameworks */,
			);
			runOnlyForDeploymentPostprocessing = 0;
		};
/* End PBXFrameworksBuildPhase section */

/* Begin PBXGroup section */
		0492AD4A1F6B83A7005FE7CE /* core */ = {
			isa = PBXGroup;
			children = (
				0492AD4B1F6B83A7005FE7CE /* chuck.cpp */,
				0492AD4C1F6B83A7005FE7CE /* chuck.h */,
				0492AD4D1F6B83A7005FE7CE /* chuck.lex */,
				0492AD4E1F6B83A7005FE7CE /* chuck.y */,
				0492AD4F1F6B83A7005FE7CE /* chuck_absyn.cpp */,
				0492AD501F6B83A7005FE7CE /* chuck_absyn.h */,
				040209B6200AB1F100AA7411 /* chuck_carrier.cpp */,
				0492AD511F6B83A7005FE7CE /* chuck_carrier.h */,
				0492AD521F6B83A7005FE7CE /* chuck_compile.cpp */,
				0492AD531F6B83A7005FE7CE /* chuck_compile.h */,
				0492AD541F6B83A7005FE7CE /* chuck_def.h */,
				0492AD551F6B83A7005FE7CE /* chuck_dl.cpp */,
				0492AD561F6B83A7005FE7CE /* chuck_dl.h */,
				0492AD571F6B83A7005FE7CE /* chuck_emit.cpp */,
				0492AD581F6B83A7005FE7CE /* chuck_emit.h */,
				0492AD591F6B83A7005FE7CE /* chuck_errmsg.cpp */,
				0492AD5A1F6B83A7005FE7CE /* chuck_errmsg.h */,
				0492AD5B1F6B83A7005FE7CE /* chuck_frame.cpp */,
				0492AD5C1F6B83A7005FE7CE /* chuck_frame.h */,
				04F9FB25264DBD9F008B7F74 /* chuck_globals.cpp */,
				04F9FB24264DBD9E008B7F74 /* chuck_globals.h */,
				0492AD5D1F6B83A7005FE7CE /* chuck_instr.cpp */,
				0492AD5E1F6B83A7005FE7CE /* chuck_instr.h */,
				0492AD5F1F6B83A7005FE7CE /* chuck_io.cpp */,
				0492AD601F6B83A7005FE7CE /* chuck_io.h */,
				0492AD611F6B83A7005FE7CE /* chuck_lang.cpp */,
				0492AD621F6B83A7005FE7CE /* chuck_lang.h */,
				0492AD631F6B83A7005FE7CE /* chuck_oo.cpp */,
				0492AD641F6B83A7005FE7CE /* chuck_oo.h */,
				0492AD651F6B83A7005FE7CE /* chuck_otf.cpp */,
				0492AD661F6B83A7005FE7CE /* chuck_otf.h */,
				0492AD671F6B83A7005FE7CE /* chuck_parse.cpp */,
				0492AD681F6B83A7005FE7CE /* chuck_parse.h */,
				0492AD691F6B83A7005FE7CE /* chuck_scan.cpp */,
				0492AD6A1F6B83A7005FE7CE /* chuck_scan.h */,
				0492AD6B1F6B83A7005FE7CE /* chuck_shell.cpp */,
				0492AD6C1F6B83A7005FE7CE /* chuck_shell.h */,
				0492AD6D1F6B83A7005FE7CE /* chuck_stats.cpp */,
				0492AD6E1F6B83A7005FE7CE /* chuck_stats.h */,
				0492AD6F1F6B83A7005FE7CE /* chuck_symbol.cpp */,
				0492AD701F6B83A7005FE7CE /* chuck_symbol.h */,
				0492AD711F6B83A7005FE7CE /* chuck_table.cpp */,
				0492AD721F6B83A7005FE7CE /* chuck_table.h */,
				0492AD731F6B83A7005FE7CE /* chuck_type.cpp */,
				0492AD741F6B83A7005FE7CE /* chuck_type.h */,
				0492AD751F6B83A7005FE7CE /* chuck_ugen.cpp */,
				0492AD761F6B83A7005FE7CE /* chuck_ugen.h */,
				0492AD771F6B83A7005FE7CE /* chuck_utils.cpp */,
				0492AD781F6B83A7005FE7CE /* chuck_utils.h */,
				0492AD791F6B83A7005FE7CE /* chuck_vm.cpp */,
				0492AD7A1F6B83A7005FE7CE /* chuck_vm.h */,
				0492AE311F6BA634005FE7CE /* chuck.tab.c */,
				0492AE321F6BA634005FE7CE /* chuck.tab.h */,
				0492AE2E1F6BA619005FE7CE /* chuck_win32.c */,
				0492AE2F1F6BA619005FE7CE /* chuck_win32.h */,
				0492AD7B1F6B83A7005FE7CE /* dirent_win32.h */,
				0492AD7C1F6B83A7005FE7CE /* hidio_sdl.cpp */,
				0492AD7D1F6B83A7005FE7CE /* hidio_sdl.h */,
				0492AD7E1F6B83A7005FE7CE /* lo */,
				0492AD941F6B83A7005FE7CE /* midiio_rtmidi.cpp */,
				0492AD951F6B83A7005FE7CE /* midiio_rtmidi.h */,
				0492AD961F6B83A7005FE7CE /* regex */,
				0492ADB31F6B83A7005FE7CE /* rtmidi.cpp */,
				0492ADB41F6B83A7005FE7CE /* rtmidi.h */,
				0492ADB51F6B83A7005FE7CE /* uana_extract.cpp */,
				0492ADB61F6B83A7005FE7CE /* uana_extract.h */,
				0492ADB71F6B83A7005FE7CE /* uana_xform.cpp */,
				0492ADB81F6B83A7005FE7CE /* uana_xform.h */,
				0492ADB91F6B83A7005FE7CE /* ugen_filter.cpp */,
				0492ADBA1F6B83A7005FE7CE /* ugen_filter.h */,
				0492ADBB1F6B83A7005FE7CE /* ugen_osc.cpp */,
				0492ADBC1F6B83A7005FE7CE /* ugen_osc.h */,
				0492ADBD1F6B83A7005FE7CE /* ugen_stk.cpp */,
				0492ADBE1F6B83A7005FE7CE /* ugen_stk.h */,
				0492ADBF1F6B83A7005FE7CE /* ugen_xxx.cpp */,
				0492ADC01F6B83A7005FE7CE /* ugen_xxx.h */,
				0492ADC11F6B83A7005FE7CE /* ulib_machine.cpp */,
				0492ADC21F6B83A7005FE7CE /* ulib_machine.h */,
				0492ADC31F6B83A7005FE7CE /* ulib_math.cpp */,
				0492ADC41F6B83A7005FE7CE /* ulib_math.h */,
				0492ADC51F6B83A7005FE7CE /* ulib_opsc.cpp */,
				0492ADC61F6B83A7005FE7CE /* ulib_opsc.h */,
				0492ADC71F6B83A7005FE7CE /* ulib_regex.cpp */,
				0492ADC81F6B83A7005FE7CE /* ulib_regex.h */,
				0492ADC91F6B83A7005FE7CE /* ulib_std.cpp */,
				0492ADCA1F6B83A7005FE7CE /* ulib_std.h */,
				0492ADCB1F6B83A7005FE7CE /* util_buffers.cpp */,
				0492ADCC1F6B83A7005FE7CE /* util_buffers.h */,
				0492ADCD1F6B83A7005FE7CE /* util_console.cpp */,
				0492ADCE1F6B83A7005FE7CE /* util_console.h */,
				0492ADCF1F6B83A7005FE7CE /* util_hid.cpp */,
				0492ADD01F6B83A7005FE7CE /* util_hid.h */,
				0492ADD11F6B83A7005FE7CE /* util_math.c */,
				0492ADD21F6B83A7005FE7CE /* util_math.h */,
				0492ADD31F6B83A7005FE7CE /* util_network.c */,
				0492ADD41F6B83A7005FE7CE /* util_network.h */,
				0492ADD51F6B83A7005FE7CE /* util_opsc.cpp */,
				0492ADD61F6B83A7005FE7CE /* util_opsc.h */,
				0492ADD71F6B83A7005FE7CE /* util_raw.c */,
				0492ADD81F6B83A7005FE7CE /* util_raw.h */,
				0492ADD91F6B83A7005FE7CE /* util_serial.cpp */,
				0492ADDA1F6B83A7005FE7CE /* util_serial.h */,
				0492ADDB1F6B83A7005FE7CE /* util_sndfile.c */,
				0492ADDC1F6B83A7005FE7CE /* util_sndfile.h */,
				0492ADDD1F6B83A7005FE7CE /* util_string.cpp */,
				0492ADDE1F6B83A7005FE7CE /* util_string.h */,
				0492ADDF1F6B83A7005FE7CE /* util_thread.cpp */,
				0492ADE01F6B83A7005FE7CE /* util_thread.h */,
				0492ADE11F6B83A7005FE7CE /* util_xforms.c */,
				0492ADE21F6B83A7005FE7CE /* util_xforms.h */,
			);
			name = core;
			path = ../chuck/core;
			sourceTree = "<group>";
		};
		0492AD7E1F6B83A7005FE7CE /* lo */ = {
			isa = PBXGroup;
			children = (
				0492AD7F1F6B83A7005FE7CE /* address.c */,
				0492AD801F6B83A7005FE7CE /* blob.c */,
				0492AD811F6B83A7005FE7CE /* bundle.c */,
				0492AD821F6B83A7005FE7CE /* config.h */,
				0492AD831F6B83A7005FE7CE /* lo.h */,
				0492AD841F6B83A7005FE7CE /* lo_endian.h */,
				0492AD851F6B83A7005FE7CE /* lo_errors.h */,
				0492AD861F6B83A7005FE7CE /* lo_internal.h */,
				0492AD871F6B83A7005FE7CE /* lo_lowlevel.h */,
				0492AD881F6B83A7005FE7CE /* lo_macros.h */,
				0492AD891F6B83A7005FE7CE /* lo_osc_types.h */,
				0492AD8A1F6B83A7005FE7CE /* lo_throw.h */,
				0492AD8B1F6B83A7005FE7CE /* lo_types.h */,
				0492AD8C1F6B83A7005FE7CE /* lo_types_internal.h */,
				0492AD8D1F6B83A7005FE7CE /* message.c */,
				0492AD8E1F6B83A7005FE7CE /* method.c */,
				0492AD8F1F6B83A7005FE7CE /* pattern_match.c */,
				0492AD901F6B83A7005FE7CE /* send.c */,
				0492AD911F6B83A7005FE7CE /* server.c */,
				0492AD921F6B83A7005FE7CE /* server_thread.c */,
				0492AD931F6B83A7005FE7CE /* timetag.c */,
			);
			name = lo;
			path = ../chuck/src/core/lo;
			sourceTree = SOURCE_ROOT;
		};
		0492AD961F6B83A7005FE7CE /* regex */ = {
			isa = PBXGroup;
			children = (
				0492AD971F6B83A7005FE7CE /* config.h */,
				0492AD981F6B83A7005FE7CE /* LICENSE.txt */,
				0492AD991F6B83A7005FE7CE /* README.txt */,
				0492AD9A1F6B83A7005FE7CE /* regcomp.c */,
				0492AD9B1F6B83A7005FE7CE /* regerror.c */,
				0492AD9C1F6B83A7005FE7CE /* regex.h */,
				0492AD9D1F6B83A7005FE7CE /* regexec.c */,
				0492AD9E1F6B83A7005FE7CE /* tre-ast.c */,
				0492AD9F1F6B83A7005FE7CE /* tre-ast.h */,
				0492ADA01F6B83A7005FE7CE /* tre-compile.c */,
				0492ADA11F6B83A7005FE7CE /* tre-compile.h */,
				0492ADA21F6B83A7005FE7CE /* tre-config.h */,
				0492ADA31F6B83A7005FE7CE /* tre-filter.c */,
				0492ADA41F6B83A7005FE7CE /* tre-filter.h */,
				0492ADA51F6B83A7005FE7CE /* tre-internal.h */,
				0492ADA61F6B83A7005FE7CE /* tre-match-approx.c */,
				0492ADA71F6B83A7005FE7CE /* tre-match-backtrack.c */,
				0492ADA81F6B83A7005FE7CE /* tre-match-parallel.c */,
				0492ADA91F6B83A7005FE7CE /* tre-match-utils.h */,
				0492ADAA1F6B83A7005FE7CE /* tre-mem.c */,
				0492ADAB1F6B83A7005FE7CE /* tre-mem.h */,
				0492ADAC1F6B83A7005FE7CE /* tre-parse.c */,
				0492ADAD1F6B83A7005FE7CE /* tre-parse.h */,
				0492ADAE1F6B83A7005FE7CE /* tre-stack.c */,
				0492ADAF1F6B83A7005FE7CE /* tre-stack.h */,
				0492ADB01F6B83A7005FE7CE /* tre.h */,
				0492ADB11F6B83A7005FE7CE /* xmalloc.c */,
				0492ADB21F6B83A7005FE7CE /* xmalloc.h */,
			);
			name = regex;
			path = ../chuck/src/core/regex;
			sourceTree = SOURCE_ROOT;
		};
		089C166AFE841209C02AAC07 /* AudioPluginDemo */ = {
			isa = PBXGroup;
			children = (
				04F2545E1EA69C3A00B36889 /* MultitouchSupport.framework */,
				04F2545C1EA69BAF00B36889 /* Foundation.framework */,
				04F2545A1EA69B9F00B36889 /* AppKit.framework */,
				04F254581EA69B9400B36889 /* Carbon.framework */,
				04F254561EA69B8700B36889 /* IOKit.framework */,
				04F254541EA69B7C00B36889 /* CoreAudio.framework */,
				3BC406E31AFB7CDF00E92CB9 /* CoreMIDI.framework */,
				08FB77AFFE84173DC02AAC07 /* Source */,
				089C167CFE841241C02AAC07 /* Resources */,
				089C1671FE841209C02AAC07 /* External Frameworks and Libraries */,
				19C28FB6FE9D52B211CA2CBB /* Products */,
			);
			name = AudioPluginDemo;
			sourceTree = "<group>";
		};
		089C1671FE841209C02AAC07 /* External Frameworks and Libraries */ = {
			isa = PBXGroup;
			children = (
				0AA1909FFE8422F4C02AAC07 /* CoreFoundation.framework */,
				2BC2A8D4144C433D00D5EF79 /* OpenGL.framework */,
			);
			name = "External Frameworks and Libraries";
			sourceTree = "<group>";
		};
		089C167CFE841241C02AAC07 /* Resources */ = {
			isa = PBXGroup;
			children = (
				8D576317048677EA00EA77CD /* Info.plist */,
			);
			name = Resources;
			sourceTree = "<group>";
		};
		08FB77AFFE84173DC02AAC07 /* Source */ = {
			isa = PBXGroup;
			children = (
				04813AAC1EF992CA00112924 /* hrtftable.cpp */,
				04E09867209D276400BF924F /* AudioPluginInterface.h */,
				04E09866209D276400BF924F /* AudioPluginUtil.cpp */,
				04E09865209D276400BF924F /* AudioPluginUtil.h */,
				04E09868209D276500BF924F /* IUnityGraphics.h */,
				04E09864209D276400BF924F /* IUnityInterface.h */,
				04813AAD1EF992CA00112924 /* Plugin_PanSpatializer.cpp */,
				04813AAE1EF992CA00112924 /* Plugin_Spatializer.cpp */,
				04813AB51EFAF26000112924 /* Plugin_SpatializerReverb.cpp */,
				0492AD4A1F6B83A7005FE7CE /* core */,
				04F254611EA7D82F00B36889 /* Plugin_ChucK.cpp */,
				04D57E1B1ECAC01F00EC69E3 /* Plugin_ChucK.h */,
				3D199B6D1858F3E60063EC53 /* PluginList.h */,
			);
			name = Source;
			sourceTree = "<group>";
		};
		19C28FB6FE9D52B211CA2CBB /* Products */ = {
			isa = PBXGroup;
			children = (
				8D576316048677EA00EA77CD /* AudioPluginChuck.bundle */,
			);
			name = Products;
			sourceTree = "<group>";
		};
/* End PBXGroup section */

/* Begin PBXNativeTarget section */
		8D57630D048677EA00EA77CD /* AudioPluginChuck */ = {
			isa = PBXNativeTarget;
			buildConfigurationList = 1DEB911A08733D790010E9CD /* Build configuration list for PBXNativeTarget "AudioPluginChuck" */;
			buildPhases = (
				8D57630F048677EA00EA77CD /* Resources */,
				8D576311048677EA00EA77CD /* Sources */,
				8D576313048677EA00EA77CD /* Frameworks */,
			);
			buildRules = (
			);
			dependencies = (
			);
			name = AudioPluginChuck;
			productInstallPath = "$(HOME)/Library/Bundles";
			productName = AudioPluginDemo;
			productReference = 8D576316048677EA00EA77CD /* AudioPluginChuck.bundle */;
			productType = "com.apple.product-type.bundle";
		};
/* End PBXNativeTarget section */

/* Begin PBXProject section */
		089C1669FE841209C02AAC07 /* Project object */ = {
			isa = PBXProject;
			attributes = {
				LastUpgradeCheck = 0920;
			};
			buildConfigurationList = 1DEB911E08733D790010E9CD /* Build configuration list for PBXProject "AudioPluginChuck" */;
			compatibilityVersion = "Xcode 3.1";
			developmentRegion = English;
			hasScannedForEncodings = 1;
			knownRegions = (
				English,
				Japanese,
				French,
				German,
			);
			mainGroup = 089C166AFE841209C02AAC07 /* AudioPluginDemo */;
			projectDirPath = "";
			projectRoot = "";
			targets = (
				8D57630D048677EA00EA77CD /* AudioPluginChuck */,
			);
		};
/* End PBXProject section */

/* Begin PBXResourcesBuildPhase section */
		8D57630F048677EA00EA77CD /* Resources */ = {
			isa = PBXResourcesBuildPhase;
			buildActionMask = 2147483647;
			files = (
			);
			runOnlyForDeploymentPostprocessing = 0;
		};
/* End PBXResourcesBuildPhase section */

/* Begin PBXSourcesBuildPhase section */
		8D576311048677EA00EA77CD /* Sources */ = {
			isa = PBXSourcesBuildPhase;
			buildActionMask = 2147483647;
			files = (
				048D70671F81584300A703EB /* chuck.lex in Sources */,
				048D70681F81584500A703EB /* chuck.y in Sources */,
				0492AE2B1F6B83A8005FE7CE /* util_string.cpp in Sources */,
				0492ADF11F6B83A7005FE7CE /* chuck_parse.cpp in Sources */,
				04E09869209D276500BF924F /* AudioPluginUtil.cpp in Sources */,
				04813AB11EF992CA00112924 /* Plugin_Spatializer.cpp in Sources */,
				0492AE221F6B83A8005FE7CE /* util_buffers.cpp in Sources */,
				04813AB01EF992CA00112924 /* Plugin_PanSpatializer.cpp in Sources */,
				0492AE211F6B83A8005FE7CE /* ulib_std.cpp in Sources */,
				0492ADF81F6B83A7005FE7CE /* chuck_ugen.cpp in Sources */,
				0492ADED1F6B83A7005FE7CE /* chuck_io.cpp in Sources */,
				0492ADF61F6B83A7005FE7CE /* chuck_table.cpp in Sources */,
				0492ADE71F6B83A7005FE7CE /* chuck_compile.cpp in Sources */,
				0492AE281F6B83A8005FE7CE /* util_raw.c in Sources */,
				0492AE2D1F6B83A8005FE7CE /* util_xforms.c in Sources */,
				0492ADF71F6B83A7005FE7CE /* chuck_type.cpp in Sources */,
				0492AE061F6B83A7005FE7CE /* midiio_rtmidi.cpp in Sources */,
				0492AE201F6B83A8005FE7CE /* ulib_regex.cpp in Sources */,
				0492ADEA1F6B83A7005FE7CE /* chuck_errmsg.cpp in Sources */,
				0492AE191F6B83A8005FE7CE /* ugen_filter.cpp in Sources */,
				0492ADEB1F6B83A7005FE7CE /* chuck_frame.cpp in Sources */,
				0492ADF01F6B83A7005FE7CE /* chuck_otf.cpp in Sources */,
				0492AE161F6B83A8005FE7CE /* rtmidi.cpp in Sources */,
				0492AE291F6B83A8005FE7CE /* util_serial.cpp in Sources */,
				0492AE271F6B83A8005FE7CE /* util_opsc.cpp in Sources */,
				0492ADE31F6B83A7005FE7CE /* chuck.cpp in Sources */,
				0492AE2C1F6B83A8005FE7CE /* util_thread.cpp in Sources */,
				04F9FB26264DBD9F008B7F74 /* chuck_globals.cpp in Sources */,
				0492AE251F6B83A8005FE7CE /* util_math.c in Sources */,
				0492ADEC1F6B83A7005FE7CE /* chuck_instr.cpp in Sources */,
				0492ADFB1F6B83A7005FE7CE /* hidio_sdl.cpp in Sources */,
				0492AE1A1F6B83A8005FE7CE /* ugen_osc.cpp in Sources */,
				0492AE1C1F6B83A8005FE7CE /* ugen_xxx.cpp in Sources */,
				0492ADEF1F6B83A7005FE7CE /* chuck_oo.cpp in Sources */,
				0492AE181F6B83A8005FE7CE /* uana_xform.cpp in Sources */,
				0492ADEE1F6B83A7005FE7CE /* chuck_lang.cpp in Sources */,
				0492AE1D1F6B83A8005FE7CE /* ulib_machine.cpp in Sources */,
				0492AE231F6B83A8005FE7CE /* util_console.cpp in Sources */,
				0492ADE61F6B83A7005FE7CE /* chuck_absyn.cpp in Sources */,
				040209B7200AB1F100AA7411 /* chuck_carrier.cpp in Sources */,
				0492AE1B1F6B83A8005FE7CE /* ugen_stk.cpp in Sources */,
				0492ADF21F6B83A7005FE7CE /* chuck_scan.cpp in Sources */,
				04813AAF1EF992CA00112924 /* hrtftable.cpp in Sources */,
				0492AE1E1F6B83A8005FE7CE /* ulib_math.cpp in Sources */,
				0492ADE81F6B83A7005FE7CE /* chuck_dl.cpp in Sources */,
				0492AE2A1F6B83A8005FE7CE /* util_sndfile.c in Sources */,
				04813AB61EFAF26000112924 /* Plugin_SpatializerReverb.cpp in Sources */,
				0492AE171F6B83A8005FE7CE /* uana_extract.cpp in Sources */,
				0492ADF51F6B83A7005FE7CE /* chuck_symbol.cpp in Sources */,
				0492ADFA1F6B83A7005FE7CE /* chuck_vm.cpp in Sources */,
				0492ADE91F6B83A7005FE7CE /* chuck_emit.cpp in Sources */,
				0492ADF31F6B83A7005FE7CE /* chuck_shell.cpp in Sources */,
				0492ADF91F6B83A7005FE7CE /* chuck_utils.cpp in Sources */,
				0492AE261F6B83A8005FE7CE /* util_network.c in Sources */,
				0492AE1F1F6B83A8005FE7CE /* ulib_opsc.cpp in Sources */,
				0492AE241F6B83A8005FE7CE /* util_hid.cpp in Sources */,
				0492ADF41F6B83A7005FE7CE /* chuck_stats.cpp in Sources */,
				04F254631EA7D82F00B36889 /* Plugin_ChucK.cpp in Sources */,
				0492AE041F6B83A7005FE7CE /* server_thread.c in Sources */,
				0492AE001F6B83A7005FE7CE /* method.c in Sources */,
				0492ADFC1F6B83A7005FE7CE /* address.c in Sources */,
				0492AE031F6B83A7005FE7CE /* server.c in Sources */,
				0492ADFF1F6B83A7005FE7CE /* message.c in Sources */,
				0492AE021F6B83A7005FE7CE /* send.c in Sources */,
				0492ADFD1F6B83A7005FE7CE /* blob.c in Sources */,
				0492AE011F6B83A7005FE7CE /* pattern_match.c in Sources */,
				0492AE051F6B83A7005FE7CE /* timetag.c in Sources */,
				0492ADFE1F6B83A7005FE7CE /* bundle.c in Sources */,
			);
			runOnlyForDeploymentPostprocessing = 0;
		};
/* End PBXSourcesBuildPhase section */

/* Begin XCBuildConfiguration section */
		1DEB911B08733D790010E9CD /* Debug */ = {
			isa = XCBuildConfiguration;
			buildSettings = {
				ALWAYS_SEARCH_USER_PATHS = NO;
				CC = /usr/bin/clang;
				COPY_PHASE_STRIP = NO;
				CXX = "/usr/bin/clang++";
				DEPLOYMENT_LOCATION = YES;
				DSTROOT = "$(PROJECT_DIR)/../../Assets";
				FRAMEWORK_SEARCH_PATHS = (
					"$(inherited)",
					"$(SYSTEM_LIBRARY_DIR)/PrivateFrameworks",
				);
				GCC_DYNAMIC_NO_PIC = NO;
				GCC_ENABLE_FIX_AND_CONTINUE = YES;
				GCC_MODEL_TUNING = G5;
				GCC_OPTIMIZATION_LEVEL = 0;
				INFOPLIST_FILE = Info.plist;
				INSTALL_PATH = /Plugins;
				MACOSX_DEPLOYMENT_TARGET = 10.6;
				ONLY_ACTIVE_ARCH = NO;
				OTHER_CFLAGS = (
					"-I../chuck/core",
					"-I../chuck/core/lo",
					"-O3",
					"-D__MACOSX_CORE__",
				);
				OTHER_CPLUSPLUSFLAGS = (
					"-I../chuck/src",
					"-I../chuck/src/lo",
					"-g",
					"-D__MACOSX_CORE__",
				);
				OTHER_LDFLAGS = (
					"-lstdc++",
					"-lm",
				);
				PRODUCT_BUNDLE_IDENTIFIER = "com.yourcompany.${PRODUCT_NAME:rfc1034Identifier}";
				PRODUCT_NAME = AudioPluginChuck;
				SDKROOT = macosx;
				SKIP_INSTALL = NO;
				USER_HEADER_SEARCH_PATHS = "$(PROJECT_DIR)/AudioUnitExamples/AUPublic/AUBase $(PROJECT_DIR)/AudioUnitExamples/AUPublic/OtherBases $(PROJECT_DIR)/AudioUnitExamples/AUPublic/Utility $(PROJECT_DIR)/AudioUnitExamples/PublicUtility";
				WRAPPER_EXTENSION = bundle;
				YACCFLAGS = "-dv -b";
			};
			name = Debug;
		};
		1DEB911C08733D790010E9CD /* Release */ = {
			isa = XCBuildConfiguration;
			buildSettings = {
				ALWAYS_SEARCH_USER_PATHS = NO;
				CC = /usr/bin/clang;
				CXX = "/usr/bin/clang++";
				DEBUG_INFORMATION_FORMAT = "dwarf-with-dsym";
				DEPLOYMENT_LOCATION = YES;
				DSTROOT = "$(PROJECT_DIR)/../../Assets";
				FRAMEWORK_SEARCH_PATHS = (
					"$(inherited)",
					"$(SYSTEM_LIBRARY_DIR)/PrivateFrameworks",
				);
				GCC_MODEL_TUNING = G5;
				GCC_OPTIMIZATION_LEVEL = 3;
				INFOPLIST_FILE = Info.plist;
				INSTALL_PATH = /Plugins;
				MACOSX_DEPLOYMENT_TARGET = 10.6;
				OTHER_CFLAGS = (
					"-I../chuck/core",
					"-I../chuck/core/lo",
					"-O3",
					"-D__MACOSX_CORE__",
				);
				OTHER_CPLUSPLUSFLAGS = (
					"-I../chuck/core",
					"-I../chuck/core/lo",
					"-O3",
					"-D__MACOSX_CORE__",
				);
				OTHER_LDFLAGS = (
					"-lstdc++",
					"-lm",
				);
				PRODUCT_BUNDLE_IDENTIFIER = "com.yourcompany.${PRODUCT_NAME:rfc1034Identifier}";
				PRODUCT_NAME = AudioPluginChuck;
				SDKROOT = macosx;
				SKIP_INSTALL = NO;
				USER_HEADER_SEARCH_PATHS = "$(PROJECT_DIR)/AudioUnitExamples/AUPublic/AUBase $(PROJECT_DIR)/AudioUnitExamples/AUPublic/OtherBases $(PROJECT_DIR)/AudioUnitExamples/AUPublic/Utility $(PROJECT_DIR)/AudioUnitExamples/PublicUtility";
				WRAPPER_EXTENSION = bundle;
				YACCFLAGS = "-dv -b";
			};
			name = Release;
		};
		1DEB911F08733D790010E9CD /* Debug */ = {
			isa = XCBuildConfiguration;
			buildSettings = {
				CLANG_ANALYZER_LOCALIZABILITY_NONLOCALIZED = YES;
				CLANG_CXX_LANGUAGE_STANDARD = "compiler-default";
				CLANG_CXX_LIBRARY = "compiler-default";
				CLANG_WARN_BLOCK_CAPTURE_AUTORELEASING = YES;
				CLANG_WARN_BOOL_CONVERSION = YES;
				CLANG_WARN_COMMA = YES;
				CLANG_WARN_CONSTANT_CONVERSION = YES;
				CLANG_WARN_EMPTY_BODY = YES;
				CLANG_WARN_ENUM_CONVERSION = YES;
				CLANG_WARN_INFINITE_RECURSION = YES;
				CLANG_WARN_INT_CONVERSION = YES;
				CLANG_WARN_NON_LITERAL_NULL_CONVERSION = YES;
				CLANG_WARN_OBJC_LITERAL_CONVERSION = YES;
				CLANG_WARN_RANGE_LOOP_ANALYSIS = YES;
				CLANG_WARN_STRICT_PROTOTYPES = YES;
				CLANG_WARN_SUSPICIOUS_MOVE = YES;
				CLANG_WARN_UNREACHABLE_CODE = YES;
				CLANG_WARN__DUPLICATE_METHOD_MATCH = YES;
				ENABLE_STRICT_OBJC_MSGSEND = YES;
				ENABLE_TESTABILITY = YES;
				GCC_C_LANGUAGE_STANDARD = gnu99;
				GCC_NO_COMMON_BLOCKS = YES;
				GCC_OPTIMIZATION_LEVEL = 0;
				GCC_WARN_64_TO_32_BIT_CONVERSION = YES;
				GCC_WARN_ABOUT_RETURN_TYPE = YES;
				GCC_WARN_UNDECLARED_SELECTOR = YES;
				GCC_WARN_UNINITIALIZED_AUTOS = YES;
				GCC_WARN_UNUSED_FUNCTION = YES;
				GCC_WARN_UNUSED_VARIABLE = YES;
				MACOSX_DEPLOYMENT_TARGET = 10.6;
				ONLY_ACTIVE_ARCH = YES;
				PREBINDING = NO;
				SDKROOT = macosx;
			};
			name = Debug;
		};
		1DEB912008733D790010E9CD /* Release */ = {
			isa = XCBuildConfiguration;
			buildSettings = {
				CLANG_ANALYZER_LOCALIZABILITY_NONLOCALIZED = YES;
				CLANG_CXX_LANGUAGE_STANDARD = "compiler-default";
				CLANG_CXX_LIBRARY = "compiler-default";
				CLANG_WARN_BLOCK_CAPTURE_AUTORELEASING = YES;
				CLANG_WARN_BOOL_CONVERSION = YES;
				CLANG_WARN_COMMA = YES;
				CLANG_WARN_CONSTANT_CONVERSION = YES;
				CLANG_WARN_EMPTY_BODY = YES;
				CLANG_WARN_ENUM_CONVERSION = YES;
				CLANG_WARN_INFINITE_RECURSION = YES;
				CLANG_WARN_INT_CONVERSION = YES;
				CLANG_WARN_NON_LITERAL_NULL_CONVERSION = YES;
				CLANG_WARN_OBJC_LITERAL_CONVERSION = YES;
				CLANG_WARN_RANGE_LOOP_ANALYSIS = YES;
				CLANG_WARN_STRICT_PROTOTYPES = YES;
				CLANG_WARN_SUSPICIOUS_MOVE = YES;
				CLANG_WARN_UNREACHABLE_CODE = YES;
				CLANG_WARN__DUPLICATE_METHOD_MATCH = YES;
				ENABLE_STRICT_OBJC_MSGSEND = YES;
				GCC_C_LANGUAGE_STANDARD = gnu99;
				GCC_NO_COMMON_BLOCKS = YES;
				GCC_OPTIMIZATION_LEVEL = 3;
				GCC_WARN_64_TO_32_BIT_CONVERSION = YES;
				GCC_WARN_ABOUT_RETURN_TYPE = YES;
				GCC_WARN_UNDECLARED_SELECTOR = YES;
				GCC_WARN_UNINITIALIZED_AUTOS = YES;
				GCC_WARN_UNUSED_FUNCTION = YES;
				GCC_WARN_UNUSED_VARIABLE = YES;
				MACOSX_DEPLOYMENT_TARGET = 10.6;
				PREBINDING = NO;
				SDKROOT = macosx;
			};
			name = Release;
		};
/* End XCBuildConfiguration section */

/* Begin XCConfigurationList section */
		1DEB911A08733D790010E9CD /* Build configuration list for PBXNativeTarget "AudioPluginChuck" */ = {
			isa = XCConfigurationList;
			buildConfigurations = (
				1DEB911B08733D790010E9CD /* Debug */,
				1DEB911C08733D790010E9CD /* Release */,
			);
			defaultConfigurationIsVisible = 0;
			defaultConfigurationName = Debug;
		};
		1DEB911E08733D790010E9CD /* Build configuration list for PBXProject "AudioPluginChuck" */ = {
			isa = XCConfigurationList;
			buildConfigurations = (
				1DEB911F08733D790010E9CD /* Debug */,
				1DEB912008733D790010E9CD /* Release */,
			);
			defaultConfigurationIsVisible = 0;
			defaultConfigurationName = Debug;
		};
/* End XCConfigurationList section */
	};
	rootObject = 089C1669FE841209C02AAC07 /* Project object */;
}
